// !$*UTF8*$!
{
	archiveVersion = 1;
	classes = {
	};
	objectVersion = 56;
	objects = {

/* Begin PBXBuildFile section */
		BFC079D52ABC2B9B009F2379 /* Household_OrganizerApp.swift in Sources */ = {isa = PBXBuildFile; fileRef = BFC079D42ABC2B9B009F2379 /* Household_OrganizerApp.swift */; };
		BFC079D72ABC2B9B009F2379 /* ContentView.swift in Sources */ = {isa = PBXBuildFile; fileRef = BFC079D62ABC2B9B009F2379 /* ContentView.swift */; };
		BFC079D92ABC2B9D009F2379 /* Assets.xcassets in Resources */ = {isa = PBXBuildFile; fileRef = BFC079D82ABC2B9D009F2379 /* Assets.xcassets */; };
		BFC079DC2ABC2B9D009F2379 /* Preview Assets.xcassets in Resources */ = {isa = PBXBuildFile; fileRef = BFC079DB2ABC2B9D009F2379 /* Preview Assets.xcassets */; };
		BFC079DE2ABC2B9D009F2379 /* Persistence.swift in Sources */ = {isa = PBXBuildFile; fileRef = BFC079DD2ABC2B9D009F2379 /* Persistence.swift */; };
		BFC079E12ABC2B9D009F2379 /* Household_Organizer.xcdatamodeld in Sources */ = {isa = PBXBuildFile; fileRef = BFC079DF2ABC2B9D009F2379 /* Household_Organizer.xcdatamodeld */; };
		BFC079EE2ABC40C2009F2379 /* MainView.swift in Sources */ = {isa = PBXBuildFile; fileRef = BFC079ED2ABC40C2009F2379 /* MainView.swift */; };
		BFC079F02ABC40EC009F2379 /* LoginView.swift in Sources */ = {isa = PBXBuildFile; fileRef = BFC079EF2ABC40EC009F2379 /* LoginView.swift */; };
		BFC079F22ABC421C009F2379 /* LoginImageView.swift in Sources */ = {isa = PBXBuildFile; fileRef = BFC079F12ABC421C009F2379 /* LoginImageView.swift */; };
		BFC079F42ABC42D7009F2379 /* Constant.swift in Sources */ = {isa = PBXBuildFile; fileRef = BFC079F32ABC42D7009F2379 /* Constant.swift */; };
		BFC079F62ABC4543009F2379 /* LoginDetailsView.swift in Sources */ = {isa = PBXBuildFile; fileRef = BFC079F52ABC4543009F2379 /* LoginDetailsView.swift */; };
		BFC079F82ABCF10C009F2379 /* GoogleService-Info.plist in Resources */ = {isa = PBXBuildFile; fileRef = BFC079F72ABCF10C009F2379 /* GoogleService-Info.plist */; };
		BFC079FB2ABCF18F009F2379 /* FirebaseAnalytics in Frameworks */ = {isa = PBXBuildFile; productRef = BFC079FA2ABCF18F009F2379 /* FirebaseAnalytics */; };
		BFC079FD2ABCF18F009F2379 /* FirebaseAuth in Frameworks */ = {isa = PBXBuildFile; productRef = BFC079FC2ABCF18F009F2379 /* FirebaseAuth */; };
		BFC079FF2ABCF18F009F2379 /* FirebaseFirestore in Frameworks */ = {isa = PBXBuildFile; productRef = BFC079FE2ABCF18F009F2379 /* FirebaseFirestore */; };
		BFC07A012ABD77FA009F2379 /* CreateUserView.swift in Sources */ = {isa = PBXBuildFile; fileRef = BFC07A002ABD77FA009F2379 /* CreateUserView.swift */; };
		BFC07A032ABD7E9F009F2379 /* BlankView.swift in Sources */ = {isa = PBXBuildFile; fileRef = BFC07A022ABD7E9F009F2379 /* BlankView.swift */; };
		BFC07A052ABE9208009F2379 /* AuthenticationModel.swift in Sources */ = {isa = PBXBuildFile; fileRef = BFC07A042ABE9208009F2379 /* AuthenticationModel.swift */; };
		BFC07A072ABEC0F0009F2379 /* SetDisplayNameView.swift in Sources */ = {isa = PBXBuildFile; fileRef = BFC07A062ABEC0F0009F2379 /* SetDisplayNameView.swift */; };
/* End PBXBuildFile section */

/* Begin PBXFileReference section */
		BFC079D12ABC2B9B009F2379 /* Household Organizer.app */ = {isa = PBXFileReference; explicitFileType = wrapper.application; includeInIndex = 0; path = "Household Organizer.app"; sourceTree = BUILT_PRODUCTS_DIR; };
		BFC079D42ABC2B9B009F2379 /* Household_OrganizerApp.swift */ = {isa = PBXFileReference; lastKnownFileType = sourcecode.swift; path = Household_OrganizerApp.swift; sourceTree = "<group>"; };
		BFC079D62ABC2B9B009F2379 /* ContentView.swift */ = {isa = PBXFileReference; lastKnownFileType = sourcecode.swift; path = ContentView.swift; sourceTree = "<group>"; };
		BFC079D82ABC2B9D009F2379 /* Assets.xcassets */ = {isa = PBXFileReference; lastKnownFileType = folder.assetcatalog; path = Assets.xcassets; sourceTree = "<group>"; };
		BFC079DB2ABC2B9D009F2379 /* Preview Assets.xcassets */ = {isa = PBXFileReference; lastKnownFileType = folder.assetcatalog; path = "Preview Assets.xcassets"; sourceTree = "<group>"; };
		BFC079DD2ABC2B9D009F2379 /* Persistence.swift */ = {isa = PBXFileReference; lastKnownFileType = sourcecode.swift; path = Persistence.swift; sourceTree = "<group>"; };
		BFC079E02ABC2B9D009F2379 /* Household_Organizer.xcdatamodel */ = {isa = PBXFileReference; lastKnownFileType = wrapper.xcdatamodel; path = Household_Organizer.xcdatamodel; sourceTree = "<group>"; };
		BFC079E72ABC306A009F2379 /* Household-Organizer-Info.plist */ = {isa = PBXFileReference; lastKnownFileType = text.plist; path = "Household-Organizer-Info.plist"; sourceTree = SOURCE_ROOT; };
		BFC079ED2ABC40C2009F2379 /* MainView.swift */ = {isa = PBXFileReference; lastKnownFileType = sourcecode.swift; path = MainView.swift; sourceTree = "<group>"; };
		BFC079EF2ABC40EC009F2379 /* LoginView.swift */ = {isa = PBXFileReference; lastKnownFileType = sourcecode.swift; path = LoginView.swift; sourceTree = "<group>"; };
		BFC079F12ABC421C009F2379 /* LoginImageView.swift */ = {isa = PBXFileReference; lastKnownFileType = sourcecode.swift; path = LoginImageView.swift; sourceTree = "<group>"; };
		BFC079F32ABC42D7009F2379 /* Constant.swift */ = {isa = PBXFileReference; lastKnownFileType = sourcecode.swift; path = Constant.swift; sourceTree = "<group>"; };
		BFC079F52ABC4543009F2379 /* LoginDetailsView.swift */ = {isa = PBXFileReference; lastKnownFileType = sourcecode.swift; path = LoginDetailsView.swift; sourceTree = "<group>"; };
		BFC079F72ABCF10C009F2379 /* GoogleService-Info.plist */ = {isa = PBXFileReference; lastKnownFileType = text.plist; path = "GoogleService-Info.plist"; sourceTree = SOURCE_ROOT; };
		BFC07A002ABD77FA009F2379 /* CreateUserView.swift */ = {isa = PBXFileReference; lastKnownFileType = sourcecode.swift; path = CreateUserView.swift; sourceTree = "<group>"; };
		BFC07A022ABD7E9F009F2379 /* BlankView.swift */ = {isa = PBXFileReference; lastKnownFileType = sourcecode.swift; path = BlankView.swift; sourceTree = "<group>"; };
		BFC07A042ABE9208009F2379 /* AuthenticationModel.swift */ = {isa = PBXFileReference; lastKnownFileType = sourcecode.swift; path = AuthenticationModel.swift; sourceTree = "<group>"; };
		BFC07A062ABEC0F0009F2379 /* SetDisplayNameView.swift */ = {isa = PBXFileReference; lastKnownFileType = sourcecode.swift; path = SetDisplayNameView.swift; sourceTree = "<group>"; };
/* End PBXFileReference section */

/* Begin PBXFrameworksBuildPhase section */
		BFC079CE2ABC2B9B009F2379 /* Frameworks */ = {
			isa = PBXFrameworksBuildPhase;
			buildActionMask = 2147483647;
			files = (
				BFC079FB2ABCF18F009F2379 /* FirebaseAnalytics in Frameworks */,
				BFC079FD2ABCF18F009F2379 /* FirebaseAuth in Frameworks */,
				BFC079FF2ABCF18F009F2379 /* FirebaseFirestore in Frameworks */,
			);
			runOnlyForDeploymentPostprocessing = 0;
		};
/* End PBXFrameworksBuildPhase section */

/* Begin PBXGroup section */
		BFC079C82ABC2B9B009F2379 = {
			isa = PBXGroup;
			children = (
				BFC079D32ABC2B9B009F2379 /* Household Organizer */,
				BFC079D22ABC2B9B009F2379 /* Products */,
			);
			sourceTree = "<group>";
		};
		BFC079D22ABC2B9B009F2379 /* Products */ = {
			isa = PBXGroup;
			children = (
				BFC079D12ABC2B9B009F2379 /* Household Organizer.app */,
			);
			name = Products;
			sourceTree = "<group>";
		};
		BFC079D32ABC2B9B009F2379 /* Household Organizer */ = {
			isa = PBXGroup;
			children = (
				BFC079D42ABC2B9B009F2379 /* Household_OrganizerApp.swift */,
				BFC079D82ABC2B9D009F2379 /* Assets.xcassets */,
				BFC079E72ABC306A009F2379 /* Household-Organizer-Info.plist */,
				BFC079F72ABCF10C009F2379 /* GoogleService-Info.plist */,
				BFC079EC2ABC4072009F2379 /* App */,
				BFC079E82ABC3861009F2379 /* View */,
				BFC079E92ABC386E009F2379 /* Model */,
				BFC079EB2ABC38A0009F2379 /* Extension */,
				BFC079EA2ABC3893009F2379 /* Utility */,
				BFC079DA2ABC2B9D009F2379 /* Preview Content */,
			);
			path = "Household Organizer";
			sourceTree = "<group>";
		};
		BFC079DA2ABC2B9D009F2379 /* Preview Content */ = {
			isa = PBXGroup;
			children = (
				BFC079DB2ABC2B9D009F2379 /* Preview Assets.xcassets */,
			);
			path = "Preview Content";
			sourceTree = "<group>";
		};
		BFC079E82ABC3861009F2379 /* View */ = {
			isa = PBXGroup;
			children = (
				BFC079F12ABC421C009F2379 /* LoginImageView.swift */,
				BFC079F52ABC4543009F2379 /* LoginDetailsView.swift */,
				BFC07A002ABD77FA009F2379 /* CreateUserView.swift */,
				BFC07A022ABD7E9F009F2379 /* BlankView.swift */,
				BFC07A062ABEC0F0009F2379 /* SetDisplayNameView.swift */,
			);
			path = View;
			sourceTree = "<group>";
		};
		BFC079E92ABC386E009F2379 /* Model */ = {
			isa = PBXGroup;
			children = (
				BFC07A042ABE9208009F2379 /* AuthenticationModel.swift */,
				BFC079DD2ABC2B9D009F2379 /* Persistence.swift */,
				BFC079DF2ABC2B9D009F2379 /* Household_Organizer.xcdatamodeld */,
			);
			path = Model;
			sourceTree = "<group>";
		};
		BFC079EA2ABC3893009F2379 /* Utility */ = {
			isa = PBXGroup;
			children = (
				BFC079F32ABC42D7009F2379 /* Constant.swift */,
			);
			path = Utility;
			sourceTree = "<group>";
		};
		BFC079EB2ABC38A0009F2379 /* Extension */ = {
			isa = PBXGroup;
			children = (
			);
			path = Extension;
			sourceTree = "<group>";
		};
		BFC079EC2ABC4072009F2379 /* App */ = {
			isa = PBXGroup;
			children = (
				BFC079D62ABC2B9B009F2379 /* ContentView.swift */,
				BFC079ED2ABC40C2009F2379 /* MainView.swift */,
				BFC079EF2ABC40EC009F2379 /* LoginView.swift */,
			);
			path = App;
			sourceTree = "<group>";
		};
/* End PBXGroup section */

/* Begin PBXNativeTarget section */
		BFC079D02ABC2B9B009F2379 /* Household Organizer */ = {
			isa = PBXNativeTarget;
			buildConfigurationList = BFC079E42ABC2B9D009F2379 /* Build configuration list for PBXNativeTarget "Household Organizer" */;
			buildPhases = (
				BFC079CD2ABC2B9B009F2379 /* Sources */,
				BFC079CE2ABC2B9B009F2379 /* Frameworks */,
				BFC079CF2ABC2B9B009F2379 /* Resources */,
			);
			buildRules = (
			);
			dependencies = (
			);
			name = "Household Organizer";
			packageProductDependencies = (
				BFC079FA2ABCF18F009F2379 /* FirebaseAnalytics */,
				BFC079FC2ABCF18F009F2379 /* FirebaseAuth */,
				BFC079FE2ABCF18F009F2379 /* FirebaseFirestore */,
			);
			productName = "Household Organizer";
			productReference = BFC079D12ABC2B9B009F2379 /* Household Organizer.app */;
			productType = "com.apple.product-type.application";
		};
/* End PBXNativeTarget section */

/* Begin PBXProject section */
		BFC079C92ABC2B9B009F2379 /* Project object */ = {
			isa = PBXProject;
			attributes = {
				BuildIndependentTargetsInParallel = 1;
				LastSwiftUpdateCheck = 1420;
				LastUpgradeCheck = 1420;
				TargetAttributes = {
					BFC079D02ABC2B9B009F2379 = {
						CreatedOnToolsVersion = 14.2;
					};
				};
			};
			buildConfigurationList = BFC079CC2ABC2B9B009F2379 /* Build configuration list for PBXProject "Household Organizer" */;
			compatibilityVersion = "Xcode 14.0";
			developmentRegion = en;
			hasScannedForEncodings = 0;
			knownRegions = (
				en,
				Base,
			);
			mainGroup = BFC079C82ABC2B9B009F2379;
			packageReferences = (
				BFC079F92ABCF18F009F2379 /* XCRemoteSwiftPackageReference "firebase-ios-sdk" */,
			);
			productRefGroup = BFC079D22ABC2B9B009F2379 /* Products */;
			projectDirPath = "";
			projectRoot = "";
			targets = (
				BFC079D02ABC2B9B009F2379 /* Household Organizer */,
			);
		};
/* End PBXProject section */

/* Begin PBXResourcesBuildPhase section */
		BFC079CF2ABC2B9B009F2379 /* Resources */ = {
			isa = PBXResourcesBuildPhase;
			buildActionMask = 2147483647;
			files = (
				BFC079DC2ABC2B9D009F2379 /* Preview Assets.xcassets in Resources */,
				BFC079D92ABC2B9D009F2379 /* Assets.xcassets in Resources */,
				BFC079F82ABCF10C009F2379 /* GoogleService-Info.plist in Resources */,
			);
			runOnlyForDeploymentPostprocessing = 0;
		};
/* End PBXResourcesBuildPhase section */

/* Begin PBXSourcesBuildPhase section */
		BFC079CD2ABC2B9B009F2379 /* Sources */ = {
			isa = PBXSourcesBuildPhase;
			buildActionMask = 2147483647;
			files = (
				BFC079F22ABC421C009F2379 /* LoginImageView.swift in Sources */,
				BFC07A012ABD77FA009F2379 /* CreateUserView.swift in Sources */,
				BFC07A032ABD7E9F009F2379 /* BlankView.swift in Sources */,
				BFC079F62ABC4543009F2379 /* LoginDetailsView.swift in Sources */,
				BFC079F02ABC40EC009F2379 /* LoginView.swift in Sources */,
				BFC079DE2ABC2B9D009F2379 /* Persistence.swift in Sources */,
				BFC079F42ABC42D7009F2379 /* Constant.swift in Sources */,
				BFC07A072ABEC0F0009F2379 /* SetDisplayNameView.swift in Sources */,
				BFC079D72ABC2B9B009F2379 /* ContentView.swift in Sources */,
				BFC079E12ABC2B9D009F2379 /* Household_Organizer.xcdatamodeld in Sources */,
				BFC07A052ABE9208009F2379 /* AuthenticationModel.swift in Sources */,
				BFC079EE2ABC40C2009F2379 /* MainView.swift in Sources */,
				BFC079D52ABC2B9B009F2379 /* Household_OrganizerApp.swift in Sources */,
			);
			runOnlyForDeploymentPostprocessing = 0;
		};
/* End PBXSourcesBuildPhase section */

/* Begin XCBuildConfiguration section */
		BFC079E22ABC2B9D009F2379 /* Debug */ = {
			isa = XCBuildConfiguration;
			buildSettings = {
				ALWAYS_SEARCH_USER_PATHS = NO;
				CLANG_ANALYZER_NONNULL = YES;
				CLANG_ANALYZER_NUMBER_OBJECT_CONVERSION = YES_AGGRESSIVE;
				CLANG_CXX_LANGUAGE_STANDARD = "gnu++20";
				CLANG_ENABLE_MODULES = YES;
				CLANG_ENABLE_OBJC_ARC = YES;
				CLANG_ENABLE_OBJC_WEAK = YES;
				CLANG_WARN_BLOCK_CAPTURE_AUTORELEASING = YES;
				CLANG_WARN_BOOL_CONVERSION = YES;
				CLANG_WARN_COMMA = YES;
				CLANG_WARN_CONSTANT_CONVERSION = YES;
				CLANG_WARN_DEPRECATED_OBJC_IMPLEMENTATIONS = YES;
				CLANG_WARN_DIRECT_OBJC_ISA_USAGE = YES_ERROR;
				CLANG_WARN_DOCUMENTATION_COMMENTS = YES;
				CLANG_WARN_EMPTY_BODY = YES;
				CLANG_WARN_ENUM_CONVERSION = YES;
				CLANG_WARN_INFINITE_RECURSION = YES;
				CLANG_WARN_INT_CONVERSION = YES;
				CLANG_WARN_NON_LITERAL_NULL_CONVERSION = YES;
				CLANG_WARN_OBJC_IMPLICIT_RETAIN_SELF = YES;
				CLANG_WARN_OBJC_LITERAL_CONVERSION = YES;
				CLANG_WARN_OBJC_ROOT_CLASS = YES_ERROR;
				CLANG_WARN_QUOTED_INCLUDE_IN_FRAMEWORK_HEADER = YES;
				CLANG_WARN_RANGE_LOOP_ANALYSIS = YES;
				CLANG_WARN_STRICT_PROTOTYPES = YES;
				CLANG_WARN_SUSPICIOUS_MOVE = YES;
				CLANG_WARN_UNGUARDED_AVAILABILITY = YES_AGGRESSIVE;
				CLANG_WARN_UNREACHABLE_CODE = YES;
				CLANG_WARN__DUPLICATE_METHOD_MATCH = YES;
				COPY_PHASE_STRIP = NO;
				DEBUG_INFORMATION_FORMAT = dwarf;
				ENABLE_STRICT_OBJC_MSGSEND = YES;
				ENABLE_TESTABILITY = YES;
				GCC_C_LANGUAGE_STANDARD = gnu11;
				GCC_DYNAMIC_NO_PIC = NO;
				GCC_NO_COMMON_BLOCKS = YES;
				GCC_OPTIMIZATION_LEVEL = 0;
				GCC_PREPROCESSOR_DEFINITIONS = (
					"DEBUG=1",
					"$(inherited)",
				);
				GCC_WARN_64_TO_32_BIT_CONVERSION = YES;
				GCC_WARN_ABOUT_RETURN_TYPE = YES_ERROR;
				GCC_WARN_UNDECLARED_SELECTOR = YES;
				GCC_WARN_UNINITIALIZED_AUTOS = YES_AGGRESSIVE;
				GCC_WARN_UNUSED_FUNCTION = YES;
				GCC_WARN_UNUSED_VARIABLE = YES;
				IPHONEOS_DEPLOYMENT_TARGET = 16.2;
				MTL_ENABLE_DEBUG_INFO = INCLUDE_SOURCE;
				MTL_FAST_MATH = YES;
				ONLY_ACTIVE_ARCH = YES;
				SDKROOT = iphoneos;
				SWIFT_ACTIVE_COMPILATION_CONDITIONS = DEBUG;
				SWIFT_OPTIMIZATION_LEVEL = "-Onone";
			};
			name = Debug;
		};
		BFC079E32ABC2B9D009F2379 /* Release */ = {
			isa = XCBuildConfiguration;
			buildSettings = {
				ALWAYS_SEARCH_USER_PATHS = NO;
				CLANG_ANALYZER_NONNULL = YES;
				CLANG_ANALYZER_NUMBER_OBJECT_CONVERSION = YES_AGGRESSIVE;
				CLANG_CXX_LANGUAGE_STANDARD = "gnu++20";
				CLANG_ENABLE_MODULES = YES;
				CLANG_ENABLE_OBJC_ARC = YES;
				CLANG_ENABLE_OBJC_WEAK = YES;
				CLANG_WARN_BLOCK_CAPTURE_AUTORELEASING = YES;
				CLANG_WARN_BOOL_CONVERSION = YES;
				CLANG_WARN_COMMA = YES;
				CLANG_WARN_CONSTANT_CONVERSION = YES;
				CLANG_WARN_DEPRECATED_OBJC_IMPLEMENTATIONS = YES;
				CLANG_WARN_DIRECT_OBJC_ISA_USAGE = YES_ERROR;
				CLANG_WARN_DOCUMENTATION_COMMENTS = YES;
				CLANG_WARN_EMPTY_BODY = YES;
				CLANG_WARN_ENUM_CONVERSION = YES;
				CLANG_WARN_INFINITE_RECURSION = YES;
				CLANG_WARN_INT_CONVERSION = YES;
				CLANG_WARN_NON_LITERAL_NULL_CONVERSION = YES;
				CLANG_WARN_OBJC_IMPLICIT_RETAIN_SELF = YES;
				CLANG_WARN_OBJC_LITERAL_CONVERSION = YES;
				CLANG_WARN_OBJC_ROOT_CLASS = YES_ERROR;
				CLANG_WARN_QUOTED_INCLUDE_IN_FRAMEWORK_HEADER = YES;
				CLANG_WARN_RANGE_LOOP_ANALYSIS = YES;
				CLANG_WARN_STRICT_PROTOTYPES = YES;
				CLANG_WARN_SUSPICIOUS_MOVE = YES;
				CLANG_WARN_UNGUARDED_AVAILABILITY = YES_AGGRESSIVE;
				CLANG_WARN_UNREACHABLE_CODE = YES;
				CLANG_WARN__DUPLICATE_METHOD_MATCH = YES;
				COPY_PHASE_STRIP = NO;
				DEBUG_INFORMATION_FORMAT = "dwarf-with-dsym";
				ENABLE_NS_ASSERTIONS = NO;
				ENABLE_STRICT_OBJC_MSGSEND = YES;
				GCC_C_LANGUAGE_STANDARD = gnu11;
				GCC_NO_COMMON_BLOCKS = YES;
				GCC_WARN_64_TO_32_BIT_CONVERSION = YES;
				GCC_WARN_ABOUT_RETURN_TYPE = YES_ERROR;
				GCC_WARN_UNDECLARED_SELECTOR = YES;
				GCC_WARN_UNINITIALIZED_AUTOS = YES_AGGRESSIVE;
				GCC_WARN_UNUSED_FUNCTION = YES;
				GCC_WARN_UNUSED_VARIABLE = YES;
				IPHONEOS_DEPLOYMENT_TARGET = 16.2;
				MTL_ENABLE_DEBUG_INFO = NO;
				MTL_FAST_MATH = YES;
				SDKROOT = iphoneos;
				SWIFT_COMPILATION_MODE = wholemodule;
				SWIFT_OPTIMIZATION_LEVEL = "-O";
				VALIDATE_PRODUCT = YES;
			};
			name = Release;
		};
		BFC079E52ABC2B9D009F2379 /* Debug */ = {
			isa = XCBuildConfiguration;
			buildSettings = {
				ASSETCATALOG_COMPILER_APPICON_NAME = AppIcon;
				ASSETCATALOG_COMPILER_GLOBAL_ACCENT_COLOR_NAME = AccentColor;
				CODE_SIGN_STYLE = Automatic;
				CURRENT_PROJECT_VERSION = 1;
				DEVELOPMENT_ASSET_PATHS = "\"Household Organizer/Preview Content\"";
				DEVELOPMENT_TEAM = NJ3Y4LJ7H6;
				ENABLE_PREVIEWS = YES;
				GENERATE_INFOPLIST_FILE = YES;
				INFOPLIST_FILE = "Household-Organizer-Info.plist";
				INFOPLIST_KEY_UIApplicationSceneManifest_Generation = YES;
				INFOPLIST_KEY_UIApplicationSupportsIndirectInputEvents = YES;
				INFOPLIST_KEY_UISupportedInterfaceOrientations = UIInterfaceOrientationPortrait;
				INFOPLIST_KEY_UISupportedInterfaceOrientations_iPad = "UIInterfaceOrientationPortrait UIInterfaceOrientationPortraitUpsideDown";
				LD_RUNPATH_SEARCH_PATHS = (
					"$(inherited)",
					"@executable_path/Frameworks",
				);
				MARKETING_VERSION = 1.0;
				PRODUCT_BUNDLE_IDENTIFIER = "com.Andrew.Household-Organizer";
				PRODUCT_NAME = "$(TARGET_NAME)";
				SUPPORTED_PLATFORMS = "iphoneos iphonesimulator";
				SUPPORTS_MACCATALYST = NO;
				SUPPORTS_MAC_DESIGNED_FOR_IPHONE_IPAD = NO;
				SWIFT_EMIT_LOC_STRINGS = YES;
				SWIFT_VERSION = 5.0;
				TARGETED_DEVICE_FAMILY = "1,2";
			};
			name = Debug;
		};
		BFC079E62ABC2B9D009F2379 /* Release */ = {
			isa = XCBuildConfiguration;
			buildSettings = {
				ASSETCATALOG_COMPILER_APPICON_NAME = AppIcon;
				ASSETCATALOG_COMPILER_GLOBAL_ACCENT_COLOR_NAME = AccentColor;
				CODE_SIGN_STYLE = Automatic;
				CURRENT_PROJECT_VERSION = 1;
				DEVELOPMENT_ASSET_PATHS = "\"Household Organizer/Preview Content\"";
				DEVELOPMENT_TEAM = NJ3Y4LJ7H6;
				ENABLE_PREVIEWS = YES;
				GENERATE_INFOPLIST_FILE = YES;
				INFOPLIST_FILE = "Household-Organizer-Info.plist";
				INFOPLIST_KEY_UIApplicationSceneManifest_Generation = YES;
				INFOPLIST_KEY_UIApplicationSupportsIndirectInputEvents = YES;
				INFOPLIST_KEY_UISupportedInterfaceOrientations = UIInterfaceOrientationPortrait;
				INFOPLIST_KEY_UISupportedInterfaceOrientations_iPad = "UIInterfaceOrientationPortrait UIInterfaceOrientationPortraitUpsideDown";
				LD_RUNPATH_SEARCH_PATHS = (
					"$(inherited)",
					"@executable_path/Frameworks",
				);
				MARKETING_VERSION = 1.0;
				PRODUCT_BUNDLE_IDENTIFIER = "com.Andrew.Household-Organizer";
				PRODUCT_NAME = "$(TARGET_NAME)";
				SUPPORTED_PLATFORMS = "iphoneos iphonesimulator";
				SUPPORTS_MACCATALYST = NO;
				SUPPORTS_MAC_DESIGNED_FOR_IPHONE_IPAD = NO;
				SWIFT_EMIT_LOC_STRINGS = YES;
				SWIFT_VERSION = 5.0;
				TARGETED_DEVICE_FAMILY = "1,2";
			};
			name = Release;
		};
/* End XCBuildConfiguration section */

/* Begin XCConfigurationList section */
		BFC079CC2ABC2B9B009F2379 /* Build configuration list for PBXProject "Household Organizer" */ = {
			isa = XCConfigurationList;
			buildConfigurations = (
				BFC079E22ABC2B9D009F2379 /* Debug */,
				BFC079E32ABC2B9D009F2379 /* Release */,
			);
			defaultConfigurationIsVisible = 0;
			defaultConfigurationName = Release;
		};
		BFC079E42ABC2B9D009F2379 /* Build configuration list for PBXNativeTarget "Household Organizer" */ = {
			isa = XCConfigurationList;
			buildConfigurations = (
				BFC079E52ABC2B9D009F2379 /* Debug */,
				BFC079E62ABC2B9D009F2379 /* Release */,
			);
			defaultConfigurationIsVisible = 0;
			defaultConfigurationName = Release;
		};
/* End XCConfigurationList section */

/* Begin XCRemoteSwiftPackageReference section */
		BFC079F92ABCF18F009F2379 /* XCRemoteSwiftPackageReference "firebase-ios-sdk" */ = {
			isa = XCRemoteSwiftPackageReference;
			repositoryURL = "https://github.com/firebase/firebase-ios-sdk";
			requirement = {
				branch = master;
				kind = branch;
			};
		};
/* End XCRemoteSwiftPackageReference section */

/* Begin XCSwiftPackageProductDependency section */
		BFC079FA2ABCF18F009F2379 /* FirebaseAnalytics */ = {
			isa = XCSwiftPackageProductDependency;
			package = BFC079F92ABCF18F009F2379 /* XCRemoteSwiftPackageReference "firebase-ios-sdk" */;
			productName = FirebaseAnalytics;
		};
		BFC079FC2ABCF18F009F2379 /* FirebaseAuth */ = {
			isa = XCSwiftPackageProductDependency;
			package = BFC079F92ABCF18F009F2379 /* XCRemoteSwiftPackageReference "firebase-ios-sdk" */;
			productName = FirebaseAuth;
		};
		BFC079FE2ABCF18F009F2379 /* FirebaseFirestore */ = {
			isa = XCSwiftPackageProductDependency;
			package = BFC079F92ABCF18F009F2379 /* XCRemoteSwiftPackageReference "firebase-ios-sdk" */;
			productName = FirebaseFirestore;
		};
/* End XCSwiftPackageProductDependency section */

/* Begin XCVersionGroup section */
		BFC079DF2ABC2B9D009F2379 /* Household_Organizer.xcdatamodeld */ = {
			isa = XCVersionGroup;
			children = (
				BFC079E02ABC2B9D009F2379 /* Household_Organizer.xcdatamodel */,
			);
			currentVersion = BFC079E02ABC2B9D009F2379 /* Household_Organizer.xcdatamodel */;
			path = Household_Organizer.xcdatamodeld;
			sourceTree = "<group>";
			versionGroupType = wrapper.xcdatamodel;
		};
/* End XCVersionGroup section */
	};
	rootObject = BFC079C92ABC2B9B009F2379 /* Project object */;
}
