// !$*UTF8*$!
{
	archiveVersion = 1;
	classes = {
	};
	objectVersion = 56;
	objects = {

/* Begin PBXBuildFile section */
		BF1181172AE1D828000D6629 /* LoginScreen.swift in Sources */ = {isa = PBXBuildFile; fileRef = BF1181162AE1D828000D6629 /* LoginScreen.swift */; };
		BF1181192AE1D838000D6629 /* HomeScreen.swift in Sources */ = {isa = PBXBuildFile; fileRef = BF1181182AE1D838000D6629 /* HomeScreen.swift */; };
		BF11811B2AE1D9D7000D6629 /* LoginScreenViewModel.swift in Sources */ = {isa = PBXBuildFile; fileRef = BF11811A2AE1D9D7000D6629 /* LoginScreenViewModel.swift */; };
		BF1181202AE251C3000D6629 /* HomeScreenViewModel.swift in Sources */ = {isa = PBXBuildFile; fileRef = BF11811F2AE251C3000D6629 /* HomeScreenViewModel.swift */; };
		BF1181262AE31E9E000D6629 /* UtilitiesScreen.swift in Sources */ = {isa = PBXBuildFile; fileRef = BF1181252AE31E9E000D6629 /* UtilitiesScreen.swift */; };
		BF1181282AEB330B000D6629 /* OccupantGridView.swift in Sources */ = {isa = PBXBuildFile; fileRef = BF1181272AEB330B000D6629 /* OccupantGridView.swift */; };
		BF11812A2AEB3839000D6629 /* HouseDetailsViewModel.swift in Sources */ = {isa = PBXBuildFile; fileRef = BF1181292AEB3839000D6629 /* HouseDetailsViewModel.swift */; };
		BF11812D2AEB7DF9000D6629 /* HeaderView.swift in Sources */ = {isa = PBXBuildFile; fileRef = BF11812C2AEB7DF9000D6629 /* HeaderView.swift */; };
		BF11812F2AEB7ED6000D6629 /* HouseDetailsView.swift in Sources */ = {isa = PBXBuildFile; fileRef = BF11812E2AEB7ED6000D6629 /* HouseDetailsView.swift */; };
		BF1181312AEB82C7000D6629 /* SearchForUserView.swift in Sources */ = {isa = PBXBuildFile; fileRef = BF1181302AEB82C7000D6629 /* SearchForUserView.swift */; };
		BF1181332AEBA960000D6629 /* HouseholdMenu.swift in Sources */ = {isa = PBXBuildFile; fileRef = BF1181322AEBA960000D6629 /* HouseholdMenu.swift */; };
		BF1181352AEC5CC9000D6629 /* Utility.swift in Sources */ = {isa = PBXBuildFile; fileRef = BF1181342AEC5CC9000D6629 /* Utility.swift */; };
		BF1181372AEC5D94000D6629 /* UtilitiesScreenViewModel.swift in Sources */ = {isa = PBXBuildFile; fileRef = BF1181362AEC5D94000D6629 /* UtilitiesScreenViewModel.swift */; };
		BF11813A2AEC603E000D6629 /* CreateHouseButton.swift in Sources */ = {isa = PBXBuildFile; fileRef = BF1181392AEC603E000D6629 /* CreateHouseButton.swift */; };
		BF11813C2AEC617F000D6629 /* CreateUtilityButton.swift in Sources */ = {isa = PBXBuildFile; fileRef = BF11813B2AEC617F000D6629 /* CreateUtilityButton.swift */; };
		BF11813F2AEC6339000D6629 /* UtilityDetailsSheet.swift in Sources */ = {isa = PBXBuildFile; fileRef = BF11813E2AEC6339000D6629 /* UtilityDetailsSheet.swift */; };
		BF1181422AEC63DE000D6629 /* UtilityHeaderView.swift in Sources */ = {isa = PBXBuildFile; fileRef = BF1181412AEC63DE000D6629 /* UtilityHeaderView.swift */; };
		BF1181482AEC64D6000D6629 /* UtilityDetailsViewModel.swift in Sources */ = {isa = PBXBuildFile; fileRef = BF1181472AEC64D6000D6629 /* UtilityDetailsViewModel.swift */; };
		BF3714442B17E1BC0018E7B3 /* OccupantsList.swift in Sources */ = {isa = PBXBuildFile; fileRef = BF3714432B17E1BC0018E7B3 /* OccupantsList.swift */; };
		BF3714462B18768B0018E7B3 /* UtilityInstructionsField.swift in Sources */ = {isa = PBXBuildFile; fileRef = BF3714452B18768B0018E7B3 /* UtilityInstructionsField.swift */; };
		BF3714482B187C800018E7B3 /* CreateNewUtilityButton.swift in Sources */ = {isa = PBXBuildFile; fileRef = BF3714472B187C800018E7B3 /* CreateNewUtilityButton.swift */; };
		BF37144E2B339D380018E7B3 /* UtilityInfoView.swift in Sources */ = {isa = PBXBuildFile; fileRef = BF37144D2B339D380018E7B3 /* UtilityInfoView.swift */; };
		BF4F25422B3535E8004501B2 /* FirebaseAnalytics in Frameworks */ = {isa = PBXBuildFile; productRef = BF4F25412B3535E8004501B2 /* FirebaseAnalytics */; };
		BF4F25442B3535E8004501B2 /* FirebaseAnalyticsOnDeviceConversion in Frameworks */ = {isa = PBXBuildFile; productRef = BF4F25432B3535E8004501B2 /* FirebaseAnalyticsOnDeviceConversion */; };
		BF4F25462B3535E8004501B2 /* FirebaseAnalyticsSwift in Frameworks */ = {isa = PBXBuildFile; productRef = BF4F25452B3535E8004501B2 /* FirebaseAnalyticsSwift */; };
		BF4F25482B3535E8004501B2 /* FirebaseAnalyticsWithoutAdIdSupport in Frameworks */ = {isa = PBXBuildFile; productRef = BF4F25472B3535E8004501B2 /* FirebaseAnalyticsWithoutAdIdSupport */; };
		BF4F254A2B3535E8004501B2 /* FirebaseAppCheck in Frameworks */ = {isa = PBXBuildFile; productRef = BF4F25492B3535E8004501B2 /* FirebaseAppCheck */; };
		BF4F254C2B3535E8004501B2 /* FirebaseAppDistribution-Beta in Frameworks */ = {isa = PBXBuildFile; productRef = BF4F254B2B3535E8004501B2 /* FirebaseAppDistribution-Beta */; };
		BF4F254E2B3535E8004501B2 /* FirebaseAuth in Frameworks */ = {isa = PBXBuildFile; productRef = BF4F254D2B3535E8004501B2 /* FirebaseAuth */; };
		BF4F25502B3535E8004501B2 /* FirebaseAuthCombine-Community in Frameworks */ = {isa = PBXBuildFile; productRef = BF4F254F2B3535E8004501B2 /* FirebaseAuthCombine-Community */; };
		BF4F25522B3535E8004501B2 /* FirebaseCrashlytics in Frameworks */ = {isa = PBXBuildFile; productRef = BF4F25512B3535E8004501B2 /* FirebaseCrashlytics */; };
		BF4F25542B3535E8004501B2 /* FirebaseDatabase in Frameworks */ = {isa = PBXBuildFile; productRef = BF4F25532B3535E8004501B2 /* FirebaseDatabase */; };
		BF4F25562B3535E8004501B2 /* FirebaseDatabaseSwift in Frameworks */ = {isa = PBXBuildFile; productRef = BF4F25552B3535E8004501B2 /* FirebaseDatabaseSwift */; };
		BF4F25582B3535E8004501B2 /* FirebaseDynamicLinks in Frameworks */ = {isa = PBXBuildFile; productRef = BF4F25572B3535E8004501B2 /* FirebaseDynamicLinks */; };
		BF4F255A2B3535E8004501B2 /* FirebaseFirestore in Frameworks */ = {isa = PBXBuildFile; productRef = BF4F25592B3535E8004501B2 /* FirebaseFirestore */; };
		BF4F255C2B3535E8004501B2 /* FirebaseFirestoreCombine-Community in Frameworks */ = {isa = PBXBuildFile; productRef = BF4F255B2B3535E8004501B2 /* FirebaseFirestoreCombine-Community */; };
		BF4F255E2B3535E8004501B2 /* FirebaseFirestoreSwift in Frameworks */ = {isa = PBXBuildFile; productRef = BF4F255D2B3535E8004501B2 /* FirebaseFirestoreSwift */; };
		BF4F25602B3535E8004501B2 /* FirebaseFunctions in Frameworks */ = {isa = PBXBuildFile; productRef = BF4F255F2B3535E8004501B2 /* FirebaseFunctions */; };
		BF4F25622B353606004501B2 /* FirebaseAnalytics in Frameworks */ = {isa = PBXBuildFile; productRef = BF4F25612B353606004501B2 /* FirebaseAnalytics */; };
		BF4F25642B353606004501B2 /* FirebaseAnalyticsOnDeviceConversion in Frameworks */ = {isa = PBXBuildFile; productRef = BF4F25632B353606004501B2 /* FirebaseAnalyticsOnDeviceConversion */; };
		BF4F25662B353606004501B2 /* FirebaseAnalyticsSwift in Frameworks */ = {isa = PBXBuildFile; productRef = BF4F25652B353606004501B2 /* FirebaseAnalyticsSwift */; };
		BF4F25682B353606004501B2 /* FirebaseAnalyticsWithoutAdIdSupport in Frameworks */ = {isa = PBXBuildFile; productRef = BF4F25672B353606004501B2 /* FirebaseAnalyticsWithoutAdIdSupport */; };
		BF4F256A2B353606004501B2 /* FirebaseAppCheck in Frameworks */ = {isa = PBXBuildFile; productRef = BF4F25692B353606004501B2 /* FirebaseAppCheck */; };
		BF4F256C2B353606004501B2 /* FirebaseAppDistribution-Beta in Frameworks */ = {isa = PBXBuildFile; productRef = BF4F256B2B353606004501B2 /* FirebaseAppDistribution-Beta */; };
		BF4F256E2B353606004501B2 /* FirebaseAuth in Frameworks */ = {isa = PBXBuildFile; productRef = BF4F256D2B353606004501B2 /* FirebaseAuth */; };
		BF4F25702B353606004501B2 /* FirebaseAuthCombine-Community in Frameworks */ = {isa = PBXBuildFile; productRef = BF4F256F2B353606004501B2 /* FirebaseAuthCombine-Community */; };
		BF4F25722B353606004501B2 /* FirebaseCrashlytics in Frameworks */ = {isa = PBXBuildFile; productRef = BF4F25712B353606004501B2 /* FirebaseCrashlytics */; };
		BF4F25742B353606004501B2 /* FirebaseDatabase in Frameworks */ = {isa = PBXBuildFile; productRef = BF4F25732B353606004501B2 /* FirebaseDatabase */; };
		BF4F25762B353606004501B2 /* FirebaseDatabaseSwift in Frameworks */ = {isa = PBXBuildFile; productRef = BF4F25752B353606004501B2 /* FirebaseDatabaseSwift */; };
		BF4F25782B353606004501B2 /* FirebaseDynamicLinks in Frameworks */ = {isa = PBXBuildFile; productRef = BF4F25772B353606004501B2 /* FirebaseDynamicLinks */; };
		BF4F257A2B353606004501B2 /* FirebaseFirestore in Frameworks */ = {isa = PBXBuildFile; productRef = BF4F25792B353606004501B2 /* FirebaseFirestore */; };
		BF4F257C2B353606004501B2 /* FirebaseFirestoreCombine-Community in Frameworks */ = {isa = PBXBuildFile; productRef = BF4F257B2B353606004501B2 /* FirebaseFirestoreCombine-Community */; };
		BF4F257E2B353606004501B2 /* FirebaseFirestoreSwift in Frameworks */ = {isa = PBXBuildFile; productRef = BF4F257D2B353606004501B2 /* FirebaseFirestoreSwift */; };
		BF4F25802B353606004501B2 /* FirebaseFunctions in Frameworks */ = {isa = PBXBuildFile; productRef = BF4F257F2B353606004501B2 /* FirebaseFunctions */; };
		BF4F25822B46A9B5004501B2 /* UserManager.swift in Sources */ = {isa = PBXBuildFile; fileRef = BF4F25812B46A9B5004501B2 /* UserManager.swift */; };
		BF4F25842B46AA4A004501B2 /* HouseholdManager.swift in Sources */ = {isa = PBXBuildFile; fileRef = BF4F25832B46AA4A004501B2 /* HouseholdManager.swift */; };
		BF4F25862B46AA60004501B2 /* UtilityManager.swift in Sources */ = {isa = PBXBuildFile; fileRef = BF4F25852B46AA60004501B2 /* UtilityManager.swift */; };
		BFBB908E2B06C8BB00A1804E /* HouseholdSummaryView.swift in Sources */ = {isa = PBXBuildFile; fileRef = BFBB908D2B06C8BB00A1804E /* HouseholdSummaryView.swift */; };
		BFC079D52ABC2B9B009F2379 /* Household_OrganizerApp.swift in Sources */ = {isa = PBXBuildFile; fileRef = BFC079D42ABC2B9B009F2379 /* Household_OrganizerApp.swift */; };
		BFC079D72ABC2B9B009F2379 /* ContentView.swift in Sources */ = {isa = PBXBuildFile; fileRef = BFC079D62ABC2B9B009F2379 /* ContentView.swift */; };
		BFC079D92ABC2B9D009F2379 /* Assets.xcassets in Resources */ = {isa = PBXBuildFile; fileRef = BFC079D82ABC2B9D009F2379 /* Assets.xcassets */; };
		BFC079DC2ABC2B9D009F2379 /* Preview Assets.xcassets in Resources */ = {isa = PBXBuildFile; fileRef = BFC079DB2ABC2B9D009F2379 /* Preview Assets.xcassets */; };
		BFC079F22ABC421C009F2379 /* LoginImageView.swift in Sources */ = {isa = PBXBuildFile; fileRef = BFC079F12ABC421C009F2379 /* LoginImageView.swift */; };
		BFC079F42ABC42D7009F2379 /* Constant.swift in Sources */ = {isa = PBXBuildFile; fileRef = BFC079F32ABC42D7009F2379 /* Constant.swift */; };
		BFC079F62ABC4543009F2379 /* LoginDetailsView.swift in Sources */ = {isa = PBXBuildFile; fileRef = BFC079F52ABC4543009F2379 /* LoginDetailsView.swift */; };
		BFC079F82ABCF10C009F2379 /* GoogleService-Info.plist in Resources */ = {isa = PBXBuildFile; fileRef = BFC079F72ABCF10C009F2379 /* GoogleService-Info.plist */; };
		BFC079FB2ABCF18F009F2379 /* FirebaseAnalytics in Frameworks */ = {isa = PBXBuildFile; productRef = BFC079FA2ABCF18F009F2379 /* FirebaseAnalytics */; };
		BFC079FD2ABCF18F009F2379 /* FirebaseAuth in Frameworks */ = {isa = PBXBuildFile; productRef = BFC079FC2ABCF18F009F2379 /* FirebaseAuth */; };
		BFC079FF2ABCF18F009F2379 /* FirebaseFirestore in Frameworks */ = {isa = PBXBuildFile; productRef = BFC079FE2ABCF18F009F2379 /* FirebaseFirestore */; };
		BFC07A012ABD77FA009F2379 /* CreateUserView.swift in Sources */ = {isa = PBXBuildFile; fileRef = BFC07A002ABD77FA009F2379 /* CreateUserView.swift */; };
		BFC07A032ABD7E9F009F2379 /* BlankView.swift in Sources */ = {isa = PBXBuildFile; fileRef = BFC07A022ABD7E9F009F2379 /* BlankView.swift */; };
		BFC07A072ABEC0F0009F2379 /* SetDisplayNameView.swift in Sources */ = {isa = PBXBuildFile; fileRef = BFC07A062ABEC0F0009F2379 /* SetDisplayNameView.swift */; };
		BFC53E312B46BBC000174458 /* SummaryOccupantGridView.swift in Sources */ = {isa = PBXBuildFile; fileRef = BFC53E302B46BBC000174458 /* SummaryOccupantGridView.swift */; };
		BFC53E362B617DBC00174458 /* UtilitiesSummaryView.swift in Sources */ = {isa = PBXBuildFile; fileRef = BFC53E352B617DBC00174458 /* UtilitiesSummaryView.swift */; };
		BFC53E382B618C9900174458 /* SettingsScreen.swift in Sources */ = {isa = PBXBuildFile; fileRef = BFC53E372B618C9900174458 /* SettingsScreen.swift */; };
		BFC53E3A2B62FC6E00174458 /* SettingsScreenViewModel.swift in Sources */ = {isa = PBXBuildFile; fileRef = BFC53E392B62FC6D00174458 /* SettingsScreenViewModel.swift */; };
		BFC53E3C2B65C93E00174458 /* HouseDetailsFooterButtons.swift in Sources */ = {isa = PBXBuildFile; fileRef = BFC53E3B2B65C93E00174458 /* HouseDetailsFooterButtons.swift */; };
		BFC53E3E2B662A7C00174458 /* OccupantListView.swift in Sources */ = {isa = PBXBuildFile; fileRef = BFC53E3D2B662A7C00174458 /* OccupantListView.swift */; };
		BFC53E402B66378400174458 /* EditHouseholdButton.swift in Sources */ = {isa = PBXBuildFile; fileRef = BFC53E3F2B66378400174458 /* EditHouseholdButton.swift */; };
		BFDE46C82AC24F0300E8FBF4 /* Household.swift in Sources */ = {isa = PBXBuildFile; fileRef = BFDE46C72AC24F0300E8FBF4 /* Household.swift */; };
		BFDE46CC2AC2895200E8FBF4 /* HouseDetailsSheet.swift in Sources */ = {isa = PBXBuildFile; fileRef = BFDE46CB2AC2895200E8FBF4 /* HouseDetailsSheet.swift */; };
		BFDE46D02AC3C28E00E8FBF4 /* User.swift in Sources */ = {isa = PBXBuildFile; fileRef = BFDE46CF2AC3C28E00E8FBF4 /* User.swift */; };
/* End PBXBuildFile section */

/* Begin PBXFileReference section */
		BF1181162AE1D828000D6629 /* LoginScreen.swift */ = {isa = PBXFileReference; lastKnownFileType = sourcecode.swift; path = LoginScreen.swift; sourceTree = "<group>"; };
		BF1181182AE1D838000D6629 /* HomeScreen.swift */ = {isa = PBXFileReference; lastKnownFileType = sourcecode.swift; path = HomeScreen.swift; sourceTree = "<group>"; };
		BF11811A2AE1D9D7000D6629 /* LoginScreenViewModel.swift */ = {isa = PBXFileReference; lastKnownFileType = sourcecode.swift; path = LoginScreenViewModel.swift; sourceTree = "<group>"; };
		BF11811F2AE251C3000D6629 /* HomeScreenViewModel.swift */ = {isa = PBXFileReference; lastKnownFileType = sourcecode.swift; path = HomeScreenViewModel.swift; sourceTree = "<group>"; };
		BF1181252AE31E9E000D6629 /* UtilitiesScreen.swift */ = {isa = PBXFileReference; lastKnownFileType = sourcecode.swift; path = UtilitiesScreen.swift; sourceTree = "<group>"; };
		BF1181272AEB330B000D6629 /* OccupantGridView.swift */ = {isa = PBXFileReference; lastKnownFileType = sourcecode.swift; path = OccupantGridView.swift; sourceTree = "<group>"; };
		BF1181292AEB3839000D6629 /* HouseDetailsViewModel.swift */ = {isa = PBXFileReference; lastKnownFileType = sourcecode.swift; path = HouseDetailsViewModel.swift; sourceTree = "<group>"; };
		BF11812C2AEB7DF9000D6629 /* HeaderView.swift */ = {isa = PBXFileReference; lastKnownFileType = sourcecode.swift; path = HeaderView.swift; sourceTree = "<group>"; };
		BF11812E2AEB7ED6000D6629 /* HouseDetailsView.swift */ = {isa = PBXFileReference; lastKnownFileType = sourcecode.swift; path = HouseDetailsView.swift; sourceTree = "<group>"; };
		BF1181302AEB82C7000D6629 /* SearchForUserView.swift */ = {isa = PBXFileReference; lastKnownFileType = sourcecode.swift; path = SearchForUserView.swift; sourceTree = "<group>"; };
		BF1181322AEBA960000D6629 /* HouseholdMenu.swift */ = {isa = PBXFileReference; lastKnownFileType = sourcecode.swift; path = HouseholdMenu.swift; sourceTree = "<group>"; };
		BF1181342AEC5CC9000D6629 /* Utility.swift */ = {isa = PBXFileReference; lastKnownFileType = sourcecode.swift; path = Utility.swift; sourceTree = "<group>"; };
		BF1181362AEC5D94000D6629 /* UtilitiesScreenViewModel.swift */ = {isa = PBXFileReference; lastKnownFileType = sourcecode.swift; path = UtilitiesScreenViewModel.swift; sourceTree = "<group>"; };
		BF1181392AEC603E000D6629 /* CreateHouseButton.swift */ = {isa = PBXFileReference; lastKnownFileType = sourcecode.swift; path = CreateHouseButton.swift; sourceTree = "<group>"; };
		BF11813B2AEC617F000D6629 /* CreateUtilityButton.swift */ = {isa = PBXFileReference; lastKnownFileType = sourcecode.swift; path = CreateUtilityButton.swift; sourceTree = "<group>"; };
		BF11813E2AEC6339000D6629 /* UtilityDetailsSheet.swift */ = {isa = PBXFileReference; lastKnownFileType = sourcecode.swift; path = UtilityDetailsSheet.swift; sourceTree = "<group>"; };
		BF1181412AEC63DE000D6629 /* UtilityHeaderView.swift */ = {isa = PBXFileReference; lastKnownFileType = sourcecode.swift; path = UtilityHeaderView.swift; sourceTree = "<group>"; };
		BF1181472AEC64D6000D6629 /* UtilityDetailsViewModel.swift */ = {isa = PBXFileReference; lastKnownFileType = sourcecode.swift; path = UtilityDetailsViewModel.swift; sourceTree = "<group>"; };
		BF3714432B17E1BC0018E7B3 /* OccupantsList.swift */ = {isa = PBXFileReference; lastKnownFileType = sourcecode.swift; path = OccupantsList.swift; sourceTree = "<group>"; };
		BF3714452B18768B0018E7B3 /* UtilityInstructionsField.swift */ = {isa = PBXFileReference; lastKnownFileType = sourcecode.swift; path = UtilityInstructionsField.swift; sourceTree = "<group>"; };
		BF3714472B187C800018E7B3 /* CreateNewUtilityButton.swift */ = {isa = PBXFileReference; lastKnownFileType = sourcecode.swift; path = CreateNewUtilityButton.swift; sourceTree = "<group>"; };
		BF37144D2B339D380018E7B3 /* UtilityInfoView.swift */ = {isa = PBXFileReference; lastKnownFileType = sourcecode.swift; path = UtilityInfoView.swift; sourceTree = "<group>"; };
		BF4F25812B46A9B5004501B2 /* UserManager.swift */ = {isa = PBXFileReference; lastKnownFileType = sourcecode.swift; path = UserManager.swift; sourceTree = "<group>"; };
		BF4F25832B46AA4A004501B2 /* HouseholdManager.swift */ = {isa = PBXFileReference; lastKnownFileType = sourcecode.swift; path = HouseholdManager.swift; sourceTree = "<group>"; };
		BF4F25852B46AA60004501B2 /* UtilityManager.swift */ = {isa = PBXFileReference; lastKnownFileType = sourcecode.swift; path = UtilityManager.swift; sourceTree = "<group>"; };
		BFBB908D2B06C8BB00A1804E /* HouseholdSummaryView.swift */ = {isa = PBXFileReference; lastKnownFileType = sourcecode.swift; path = HouseholdSummaryView.swift; sourceTree = "<group>"; };
		BFC079D12ABC2B9B009F2379 /* Household Organizer.app */ = {isa = PBXFileReference; explicitFileType = wrapper.application; includeInIndex = 0; path = "Household Organizer.app"; sourceTree = BUILT_PRODUCTS_DIR; };
		BFC079D42ABC2B9B009F2379 /* Household_OrganizerApp.swift */ = {isa = PBXFileReference; lastKnownFileType = sourcecode.swift; path = Household_OrganizerApp.swift; sourceTree = "<group>"; };
		BFC079D62ABC2B9B009F2379 /* ContentView.swift */ = {isa = PBXFileReference; lastKnownFileType = sourcecode.swift; path = ContentView.swift; sourceTree = "<group>"; };
		BFC079D82ABC2B9D009F2379 /* Assets.xcassets */ = {isa = PBXFileReference; lastKnownFileType = folder.assetcatalog; path = Assets.xcassets; sourceTree = "<group>"; };
		BFC079DB2ABC2B9D009F2379 /* Preview Assets.xcassets */ = {isa = PBXFileReference; lastKnownFileType = folder.assetcatalog; path = "Preview Assets.xcassets"; sourceTree = "<group>"; };
		BFC079E72ABC306A009F2379 /* Household-Organizer-Info.plist */ = {isa = PBXFileReference; lastKnownFileType = text.plist; path = "Household-Organizer-Info.plist"; sourceTree = SOURCE_ROOT; };
		BFC079F12ABC421C009F2379 /* LoginImageView.swift */ = {isa = PBXFileReference; lastKnownFileType = sourcecode.swift; path = LoginImageView.swift; sourceTree = "<group>"; };
		BFC079F32ABC42D7009F2379 /* Constant.swift */ = {isa = PBXFileReference; lastKnownFileType = sourcecode.swift; path = Constant.swift; sourceTree = "<group>"; };
		BFC079F52ABC4543009F2379 /* LoginDetailsView.swift */ = {isa = PBXFileReference; lastKnownFileType = sourcecode.swift; path = LoginDetailsView.swift; sourceTree = "<group>"; };
		BFC079F72ABCF10C009F2379 /* GoogleService-Info.plist */ = {isa = PBXFileReference; lastKnownFileType = text.plist; path = "GoogleService-Info.plist"; sourceTree = SOURCE_ROOT; };
		BFC07A002ABD77FA009F2379 /* CreateUserView.swift */ = {isa = PBXFileReference; lastKnownFileType = sourcecode.swift; path = CreateUserView.swift; sourceTree = "<group>"; };
		BFC07A022ABD7E9F009F2379 /* BlankView.swift */ = {isa = PBXFileReference; lastKnownFileType = sourcecode.swift; path = BlankView.swift; sourceTree = "<group>"; };
		BFC07A062ABEC0F0009F2379 /* SetDisplayNameView.swift */ = {isa = PBXFileReference; lastKnownFileType = sourcecode.swift; path = SetDisplayNameView.swift; sourceTree = "<group>"; };
		BFC53E302B46BBC000174458 /* SummaryOccupantGridView.swift */ = {isa = PBXFileReference; lastKnownFileType = sourcecode.swift; path = SummaryOccupantGridView.swift; sourceTree = "<group>"; };
		BFC53E352B617DBC00174458 /* UtilitiesSummaryView.swift */ = {isa = PBXFileReference; fileEncoding = 4; lastKnownFileType = sourcecode.swift; path = UtilitiesSummaryView.swift; sourceTree = "<group>"; };
		BFC53E372B618C9900174458 /* SettingsScreen.swift */ = {isa = PBXFileReference; lastKnownFileType = sourcecode.swift; path = SettingsScreen.swift; sourceTree = "<group>"; };
		BFC53E392B62FC6D00174458 /* SettingsScreenViewModel.swift */ = {isa = PBXFileReference; lastKnownFileType = sourcecode.swift; path = SettingsScreenViewModel.swift; sourceTree = "<group>"; };
		BFC53E3B2B65C93E00174458 /* HouseDetailsFooterButtons.swift */ = {isa = PBXFileReference; lastKnownFileType = sourcecode.swift; path = HouseDetailsFooterButtons.swift; sourceTree = "<group>"; };
		BFC53E3D2B662A7C00174458 /* OccupantListView.swift */ = {isa = PBXFileReference; lastKnownFileType = sourcecode.swift; path = OccupantListView.swift; sourceTree = "<group>"; };
		BFC53E3F2B66378400174458 /* EditHouseholdButton.swift */ = {isa = PBXFileReference; lastKnownFileType = sourcecode.swift; path = EditHouseholdButton.swift; sourceTree = "<group>"; };
		BFDE46C72AC24F0300E8FBF4 /* Household.swift */ = {isa = PBXFileReference; lastKnownFileType = sourcecode.swift; path = Household.swift; sourceTree = "<group>"; };
		BFDE46CB2AC2895200E8FBF4 /* HouseDetailsSheet.swift */ = {isa = PBXFileReference; lastKnownFileType = sourcecode.swift; path = HouseDetailsSheet.swift; sourceTree = "<group>"; };
		BFDE46CF2AC3C28E00E8FBF4 /* User.swift */ = {isa = PBXFileReference; lastKnownFileType = sourcecode.swift; path = User.swift; sourceTree = "<group>"; };
/* End PBXFileReference section */

/* Begin PBXFrameworksBuildPhase section */
		BFC079CE2ABC2B9B009F2379 /* Frameworks */ = {
			isa = PBXFrameworksBuildPhase;
			buildActionMask = 2147483647;
			files = (
				BF4F25782B353606004501B2 /* FirebaseDynamicLinks in Frameworks */,
				BF4F257E2B353606004501B2 /* FirebaseFirestoreSwift in Frameworks */,
				BF4F25762B353606004501B2 /* FirebaseDatabaseSwift in Frameworks */,
				BF4F25562B3535E8004501B2 /* FirebaseDatabaseSwift in Frameworks */,
				BF4F25542B3535E8004501B2 /* FirebaseDatabase in Frameworks */,
				BF4F254A2B3535E8004501B2 /* FirebaseAppCheck in Frameworks */,
				BF4F257A2B353606004501B2 /* FirebaseFirestore in Frameworks */,
				BF4F254E2B3535E8004501B2 /* FirebaseAuth in Frameworks */,
				BF4F25462B3535E8004501B2 /* FirebaseAnalyticsSwift in Frameworks */,
				BF4F255A2B3535E8004501B2 /* FirebaseFirestore in Frameworks */,
				BFC079FB2ABCF18F009F2379 /* FirebaseAnalytics in Frameworks */,
				BFC079FD2ABCF18F009F2379 /* FirebaseAuth in Frameworks */,
				BF4F25442B3535E8004501B2 /* FirebaseAnalyticsOnDeviceConversion in Frameworks */,
				BF4F25502B3535E8004501B2 /* FirebaseAuthCombine-Community in Frameworks */,
				BF4F25742B353606004501B2 /* FirebaseDatabase in Frameworks */,
				BF4F25702B353606004501B2 /* FirebaseAuthCombine-Community in Frameworks */,
				BF4F25642B353606004501B2 /* FirebaseAnalyticsOnDeviceConversion in Frameworks */,
				BF4F25602B3535E8004501B2 /* FirebaseFunctions in Frameworks */,
				BF4F256C2B353606004501B2 /* FirebaseAppDistribution-Beta in Frameworks */,
				BF4F25482B3535E8004501B2 /* FirebaseAnalyticsWithoutAdIdSupport in Frameworks */,
				BF4F255C2B3535E8004501B2 /* FirebaseFirestoreCombine-Community in Frameworks */,
				BF4F25662B353606004501B2 /* FirebaseAnalyticsSwift in Frameworks */,
				BF4F25802B353606004501B2 /* FirebaseFunctions in Frameworks */,
				BF4F25722B353606004501B2 /* FirebaseCrashlytics in Frameworks */,
				BF4F25422B3535E8004501B2 /* FirebaseAnalytics in Frameworks */,
				BF4F256A2B353606004501B2 /* FirebaseAppCheck in Frameworks */,
				BF4F25682B353606004501B2 /* FirebaseAnalyticsWithoutAdIdSupport in Frameworks */,
				BF4F25522B3535E8004501B2 /* FirebaseCrashlytics in Frameworks */,
				BFC079FF2ABCF18F009F2379 /* FirebaseFirestore in Frameworks */,
				BF4F257C2B353606004501B2 /* FirebaseFirestoreCombine-Community in Frameworks */,
				BF4F254C2B3535E8004501B2 /* FirebaseAppDistribution-Beta in Frameworks */,
				BF4F25582B3535E8004501B2 /* FirebaseDynamicLinks in Frameworks */,
				BF4F256E2B353606004501B2 /* FirebaseAuth in Frameworks */,
				BF4F25622B353606004501B2 /* FirebaseAnalytics in Frameworks */,
				BF4F255E2B3535E8004501B2 /* FirebaseFirestoreSwift in Frameworks */,
			);
			runOnlyForDeploymentPostprocessing = 0;
		};
/* End PBXFrameworksBuildPhase section */

/* Begin PBXGroup section */
		BF11810F2AE1D5AD000D6629 /* Screens */ = {
			isa = PBXGroup;
			children = (
				BF1181182AE1D838000D6629 /* HomeScreen.swift */,
				BF1181162AE1D828000D6629 /* LoginScreen.swift */,
				BF1181252AE31E9E000D6629 /* UtilitiesScreen.swift */,
				BFC53E372B618C9900174458 /* SettingsScreen.swift */,
			);
			path = Screens;
			sourceTree = "<group>";
		};
		BF1181132AE1D629000D6629 /* ViewModels */ = {
			isa = PBXGroup;
			children = (
				BF11811A2AE1D9D7000D6629 /* LoginScreenViewModel.swift */,
				BF11811F2AE251C3000D6629 /* HomeScreenViewModel.swift */,
				BF1181292AEB3839000D6629 /* HouseDetailsViewModel.swift */,
				BF1181472AEC64D6000D6629 /* UtilityDetailsViewModel.swift */,
				BF1181362AEC5D94000D6629 /* UtilitiesScreenViewModel.swift */,
				BFC53E392B62FC6D00174458 /* SettingsScreenViewModel.swift */,
			);
			path = ViewModels;
			sourceTree = "<group>";
		};
		BF11811E2AE1E084000D6629 /* LoginScreenViews */ = {
			isa = PBXGroup;
			children = (
				BFC079F12ABC421C009F2379 /* LoginImageView.swift */,
				BFC079F52ABC4543009F2379 /* LoginDetailsView.swift */,
				BFC07A002ABD77FA009F2379 /* CreateUserView.swift */,
			);
			path = LoginScreenViews;
			sourceTree = "<group>";
		};
		BF1181212AE2541C000D6629 /* HomeScreenViews */ = {
			isa = PBXGroup;
			children = (
				BFBB908D2B06C8BB00A1804E /* HouseholdSummaryView.swift */,
				BF1181392AEC603E000D6629 /* CreateHouseButton.swift */,
				BFC07A062ABEC0F0009F2379 /* SetDisplayNameView.swift */,
				BF1181322AEBA960000D6629 /* HouseholdMenu.swift */,
				BFC53E302B46BBC000174458 /* SummaryOccupantGridView.swift */,
				BFC53E3D2B662A7C00174458 /* OccupantListView.swift */,
				BFC53E3F2B66378400174458 /* EditHouseholdButton.swift */,
			);
			path = HomeScreenViews;
			sourceTree = "<group>";
		};
		BF11812B2AEB3FF7000D6629 /* HouseDetailsViews */ = {
			isa = PBXGroup;
			children = (
				BF11812C2AEB7DF9000D6629 /* HeaderView.swift */,
				BF11812E2AEB7ED6000D6629 /* HouseDetailsView.swift */,
				BF1181272AEB330B000D6629 /* OccupantGridView.swift */,
				BF1181302AEB82C7000D6629 /* SearchForUserView.swift */,
				BFC53E3B2B65C93E00174458 /* HouseDetailsFooterButtons.swift */,
			);
			path = HouseDetailsViews;
			sourceTree = "<group>";
		};
		BF1181382AEC5F09000D6629 /* UtilitiesViews */ = {
			isa = PBXGroup;
			children = (
				BF11813B2AEC617F000D6629 /* CreateUtilityButton.swift */,
				BFC53E352B617DBC00174458 /* UtilitiesSummaryView.swift */,
			);
			path = UtilitiesViews;
			sourceTree = "<group>";
		};
		BF11813D2AEC6248000D6629 /* Sheets */ = {
			isa = PBXGroup;
			children = (
				BFDE46CB2AC2895200E8FBF4 /* HouseDetailsSheet.swift */,
				BF11813E2AEC6339000D6629 /* UtilityDetailsSheet.swift */,
			);
			path = Sheets;
			sourceTree = "<group>";
		};
		BF1181402AEC63A3000D6629 /* CreateNewUtilityViews */ = {
			isa = PBXGroup;
			children = (
				BF1181412AEC63DE000D6629 /* UtilityHeaderView.swift */,
				BF37144D2B339D380018E7B3 /* UtilityInfoView.swift */,
				BF3714432B17E1BC0018E7B3 /* OccupantsList.swift */,
				BF3714452B18768B0018E7B3 /* UtilityInstructionsField.swift */,
				BF3714472B187C800018E7B3 /* CreateNewUtilityButton.swift */,
			);
			path = CreateNewUtilityViews;
			sourceTree = "<group>";
		};
		BFC079C82ABC2B9B009F2379 = {
			isa = PBXGroup;
			children = (
				BFC079D32ABC2B9B009F2379 /* Household Organizer */,
				BFC079D22ABC2B9B009F2379 /* Products */,
			);
			sourceTree = "<group>";
		};
		BFC079D22ABC2B9B009F2379 /* Products */ = {
			isa = PBXGroup;
			children = (
				BFC079D12ABC2B9B009F2379 /* Household Organizer.app */,
			);
			name = Products;
			sourceTree = "<group>";
		};
		BFC079D32ABC2B9B009F2379 /* Household Organizer */ = {
			isa = PBXGroup;
			children = (
				BFC079D42ABC2B9B009F2379 /* Household_OrganizerApp.swift */,
				BF1181132AE1D629000D6629 /* ViewModels */,
				BF11810F2AE1D5AD000D6629 /* Screens */,
				BF11813D2AEC6248000D6629 /* Sheets */,
				BFC079E82ABC3861009F2379 /* View */,
				BFC079E92ABC386E009F2379 /* Model */,
				BFC079EA2ABC3893009F2379 /* Utility */,
				BFC079D82ABC2B9D009F2379 /* Assets.xcassets */,
				BFC079E72ABC306A009F2379 /* Household-Organizer-Info.plist */,
				BFC079F72ABCF10C009F2379 /* GoogleService-Info.plist */,
				BFC079EC2ABC4072009F2379 /* App */,
				BFC079DA2ABC2B9D009F2379 /* Preview Content */,
			);
			path = "Household Organizer";
			sourceTree = "<group>";
		};
		BFC079DA2ABC2B9D009F2379 /* Preview Content */ = {
			isa = PBXGroup;
			children = (
				BFC079DB2ABC2B9D009F2379 /* Preview Assets.xcassets */,
			);
			path = "Preview Content";
			sourceTree = "<group>";
		};
		BFC079E82ABC3861009F2379 /* View */ = {
			isa = PBXGroup;
			children = (
				BF1181402AEC63A3000D6629 /* CreateNewUtilityViews */,
				BF1181382AEC5F09000D6629 /* UtilitiesViews */,
				BF11812B2AEB3FF7000D6629 /* HouseDetailsViews */,
				BF1181212AE2541C000D6629 /* HomeScreenViews */,
				BF11811E2AE1E084000D6629 /* LoginScreenViews */,
				BFC07A022ABD7E9F009F2379 /* BlankView.swift */,
			);
			path = View;
			sourceTree = "<group>";
		};
		BFC079E92ABC386E009F2379 /* Model */ = {
			isa = PBXGroup;
			children = (
				BFDE46C72AC24F0300E8FBF4 /* Household.swift */,
				BFDE46CF2AC3C28E00E8FBF4 /* User.swift */,
				BF1181342AEC5CC9000D6629 /* Utility.swift */,
			);
			path = Model;
			sourceTree = "<group>";
		};
		BFC079EA2ABC3893009F2379 /* Utility */ = {
			isa = PBXGroup;
			children = (
				BFC079F32ABC42D7009F2379 /* Constant.swift */,
				BF4F25812B46A9B5004501B2 /* UserManager.swift */,
				BF4F25832B46AA4A004501B2 /* HouseholdManager.swift */,
				BF4F25852B46AA60004501B2 /* UtilityManager.swift */,
			);
			path = Utility;
			sourceTree = "<group>";
		};
		BFC079EC2ABC4072009F2379 /* App */ = {
			isa = PBXGroup;
			children = (
				BFC079D62ABC2B9B009F2379 /* ContentView.swift */,
			);
			path = App;
			sourceTree = "<group>";
		};
/* End PBXGroup section */

/* Begin PBXNativeTarget section */
		BFC079D02ABC2B9B009F2379 /* Household Organizer */ = {
			isa = PBXNativeTarget;
			buildConfigurationList = BFC079E42ABC2B9D009F2379 /* Build configuration list for PBXNativeTarget "Household Organizer" */;
			buildPhases = (
				BFC079CD2ABC2B9B009F2379 /* Sources */,
				BFC079CE2ABC2B9B009F2379 /* Frameworks */,
				BFC079CF2ABC2B9B009F2379 /* Resources */,
			);
			buildRules = (
			);
			dependencies = (
			);
			name = "Household Organizer";
			packageProductDependencies = (
				BFC079FA2ABCF18F009F2379 /* FirebaseAnalytics */,
				BFC079FC2ABCF18F009F2379 /* FirebaseAuth */,
				BFC079FE2ABCF18F009F2379 /* FirebaseFirestore */,
				BF4F25412B3535E8004501B2 /* FirebaseAnalytics */,
				BF4F25432B3535E8004501B2 /* FirebaseAnalyticsOnDeviceConversion */,
				BF4F25452B3535E8004501B2 /* FirebaseAnalyticsSwift */,
				BF4F25472B3535E8004501B2 /* FirebaseAnalyticsWithoutAdIdSupport */,
				BF4F25492B3535E8004501B2 /* FirebaseAppCheck */,
				BF4F254B2B3535E8004501B2 /* FirebaseAppDistribution-Beta */,
				BF4F254D2B3535E8004501B2 /* FirebaseAuth */,
				BF4F254F2B3535E8004501B2 /* FirebaseAuthCombine-Community */,
				BF4F25512B3535E8004501B2 /* FirebaseCrashlytics */,
				BF4F25532B3535E8004501B2 /* FirebaseDatabase */,
				BF4F25552B3535E8004501B2 /* FirebaseDatabaseSwift */,
				BF4F25572B3535E8004501B2 /* FirebaseDynamicLinks */,
				BF4F25592B3535E8004501B2 /* FirebaseFirestore */,
				BF4F255B2B3535E8004501B2 /* FirebaseFirestoreCombine-Community */,
				BF4F255D2B3535E8004501B2 /* FirebaseFirestoreSwift */,
				BF4F255F2B3535E8004501B2 /* FirebaseFunctions */,
				BF4F25612B353606004501B2 /* FirebaseAnalytics */,
				BF4F25632B353606004501B2 /* FirebaseAnalyticsOnDeviceConversion */,
				BF4F25652B353606004501B2 /* FirebaseAnalyticsSwift */,
				BF4F25672B353606004501B2 /* FirebaseAnalyticsWithoutAdIdSupport */,
				BF4F25692B353606004501B2 /* FirebaseAppCheck */,
				BF4F256B2B353606004501B2 /* FirebaseAppDistribution-Beta */,
				BF4F256D2B353606004501B2 /* FirebaseAuth */,
				BF4F256F2B353606004501B2 /* FirebaseAuthCombine-Community */,
				BF4F25712B353606004501B2 /* FirebaseCrashlytics */,
				BF4F25732B353606004501B2 /* FirebaseDatabase */,
				BF4F25752B353606004501B2 /* FirebaseDatabaseSwift */,
				BF4F25772B353606004501B2 /* FirebaseDynamicLinks */,
				BF4F25792B353606004501B2 /* FirebaseFirestore */,
				BF4F257B2B353606004501B2 /* FirebaseFirestoreCombine-Community */,
				BF4F257D2B353606004501B2 /* FirebaseFirestoreSwift */,
				BF4F257F2B353606004501B2 /* FirebaseFunctions */,
			);
			productName = "Household Organizer";
			productReference = BFC079D12ABC2B9B009F2379 /* Household Organizer.app */;
			productType = "com.apple.product-type.application";
		};
/* End PBXNativeTarget section */

/* Begin PBXProject section */
		BFC079C92ABC2B9B009F2379 /* Project object */ = {
			isa = PBXProject;
			attributes = {
				BuildIndependentTargetsInParallel = 1;
				LastSwiftUpdateCheck = 1420;
				LastUpgradeCheck = 1500;
				TargetAttributes = {
					BFC079D02ABC2B9B009F2379 = {
						CreatedOnToolsVersion = 14.2;
					};
				};
			};
			buildConfigurationList = BFC079CC2ABC2B9B009F2379 /* Build configuration list for PBXProject "Household Organizer" */;
			compatibilityVersion = "Xcode 14.0";
			developmentRegion = en;
			hasScannedForEncodings = 0;
			knownRegions = (
				en,
				Base,
			);
			mainGroup = BFC079C82ABC2B9B009F2379;
			packageReferences = (
				BFC079F92ABCF18F009F2379 /* XCRemoteSwiftPackageReference "firebase-ios-sdk" */,
			);
			productRefGroup = BFC079D22ABC2B9B009F2379 /* Products */;
			projectDirPath = "";
			projectRoot = "";
			targets = (
				BFC079D02ABC2B9B009F2379 /* Household Organizer */,
			);
		};
/* End PBXProject section */

/* Begin PBXResourcesBuildPhase section */
		BFC079CF2ABC2B9B009F2379 /* Resources */ = {
			isa = PBXResourcesBuildPhase;
			buildActionMask = 2147483647;
			files = (
				BFC079DC2ABC2B9D009F2379 /* Preview Assets.xcassets in Resources */,
				BFC079D92ABC2B9D009F2379 /* Assets.xcassets in Resources */,
				BFC079F82ABCF10C009F2379 /* GoogleService-Info.plist in Resources */,
			);
			runOnlyForDeploymentPostprocessing = 0;
		};
/* End PBXResourcesBuildPhase section */

/* Begin PBXSourcesBuildPhase section */
		BFC079CD2ABC2B9B009F2379 /* Sources */ = {
			isa = PBXSourcesBuildPhase;
			buildActionMask = 2147483647;
			files = (
				BFC079F22ABC421C009F2379 /* LoginImageView.swift in Sources */,
				BFC53E402B66378400174458 /* EditHouseholdButton.swift in Sources */,
				BF1181202AE251C3000D6629 /* HomeScreenViewModel.swift in Sources */,
				BF4F25822B46A9B5004501B2 /* UserManager.swift in Sources */,
				BFBB908E2B06C8BB00A1804E /* HouseholdSummaryView.swift in Sources */,
				BFC07A012ABD77FA009F2379 /* CreateUserView.swift in Sources */,
				BFC07A032ABD7E9F009F2379 /* BlankView.swift in Sources */,
				BF3714442B17E1BC0018E7B3 /* OccupantsList.swift in Sources */,
				BF11813C2AEC617F000D6629 /* CreateUtilityButton.swift in Sources */,
				BF11812F2AEB7ED6000D6629 /* HouseDetailsView.swift in Sources */,
				BFC079F62ABC4543009F2379 /* LoginDetailsView.swift in Sources */,
				BF11812A2AEB3839000D6629 /* HouseDetailsViewModel.swift in Sources */,
				BFDE46D02AC3C28E00E8FBF4 /* User.swift in Sources */,
				BF1181332AEBA960000D6629 /* HouseholdMenu.swift in Sources */,
				BF11813A2AEC603E000D6629 /* CreateHouseButton.swift in Sources */,
				BF1181482AEC64D6000D6629 /* UtilityDetailsViewModel.swift in Sources */,
				BFDE46C82AC24F0300E8FBF4 /* Household.swift in Sources */,
				BFC079F42ABC42D7009F2379 /* Constant.swift in Sources */,
				BFC07A072ABEC0F0009F2379 /* SetDisplayNameView.swift in Sources */,
				BF1181422AEC63DE000D6629 /* UtilityHeaderView.swift in Sources */,
				BF11812D2AEB7DF9000D6629 /* HeaderView.swift in Sources */,
				BFC53E3E2B662A7C00174458 /* OccupantListView.swift in Sources */,
				BFC53E312B46BBC000174458 /* SummaryOccupantGridView.swift in Sources */,
				BFC53E382B618C9900174458 /* SettingsScreen.swift in Sources */,
				BF3714482B187C800018E7B3 /* CreateNewUtilityButton.swift in Sources */,
				BFC53E3A2B62FC6E00174458 /* SettingsScreenViewModel.swift in Sources */,
				BFC079D72ABC2B9B009F2379 /* ContentView.swift in Sources */,
				BFC53E362B617DBC00174458 /* UtilitiesSummaryView.swift in Sources */,
				BF11813F2AEC6339000D6629 /* UtilityDetailsSheet.swift in Sources */,
				BF1181372AEC5D94000D6629 /* UtilitiesScreenViewModel.swift in Sources */,
				BF11811B2AE1D9D7000D6629 /* LoginScreenViewModel.swift in Sources */,
				BF1181172AE1D828000D6629 /* LoginScreen.swift in Sources */,
				BF1181282AEB330B000D6629 /* OccupantGridView.swift in Sources */,
				BF1181352AEC5CC9000D6629 /* Utility.swift in Sources */,
				BF1181262AE31E9E000D6629 /* UtilitiesScreen.swift in Sources */,
				BF1181192AE1D838000D6629 /* HomeScreen.swift in Sources */,
				BF4F25842B46AA4A004501B2 /* HouseholdManager.swift in Sources */,
				BF37144E2B339D380018E7B3 /* UtilityInfoView.swift in Sources */,
				BF3714462B18768B0018E7B3 /* UtilityInstructionsField.swift in Sources */,
				BFC079D52ABC2B9B009F2379 /* Household_OrganizerApp.swift in Sources */,
				BF1181312AEB82C7000D6629 /* SearchForUserView.swift in Sources */,
				BF4F25862B46AA60004501B2 /* UtilityManager.swift in Sources */,
				BFC53E3C2B65C93E00174458 /* HouseDetailsFooterButtons.swift in Sources */,
				BFDE46CC2AC2895200E8FBF4 /* HouseDetailsSheet.swift in Sources */,
			);
			runOnlyForDeploymentPostprocessing = 0;
		};
/* End PBXSourcesBuildPhase section */

/* Begin XCBuildConfiguration section */
		BFC079E22ABC2B9D009F2379 /* Debug */ = {
			isa = XCBuildConfiguration;
			buildSettings = {
				ALWAYS_SEARCH_USER_PATHS = NO;
				ARCHS = "$(ARCHS_STANDARD)";
				CLANG_ANALYZER_NONNULL = YES;
				CLANG_ANALYZER_NUMBER_OBJECT_CONVERSION = YES_AGGRESSIVE;
				CLANG_CXX_LANGUAGE_STANDARD = "gnu++20";
				CLANG_ENABLE_MODULES = YES;
				CLANG_ENABLE_OBJC_ARC = YES;
				CLANG_ENABLE_OBJC_WEAK = YES;
				CLANG_WARN_BLOCK_CAPTURE_AUTORELEASING = YES;
				CLANG_WARN_BOOL_CONVERSION = YES;
				CLANG_WARN_COMMA = YES;
				CLANG_WARN_CONSTANT_CONVERSION = YES;
				CLANG_WARN_DEPRECATED_OBJC_IMPLEMENTATIONS = YES;
				CLANG_WARN_DIRECT_OBJC_ISA_USAGE = YES_ERROR;
				CLANG_WARN_DOCUMENTATION_COMMENTS = YES;
				CLANG_WARN_EMPTY_BODY = YES;
				CLANG_WARN_ENUM_CONVERSION = YES;
				CLANG_WARN_INFINITE_RECURSION = YES;
				CLANG_WARN_INT_CONVERSION = YES;
				CLANG_WARN_NON_LITERAL_NULL_CONVERSION = YES;
				CLANG_WARN_OBJC_IMPLICIT_RETAIN_SELF = YES;
				CLANG_WARN_OBJC_LITERAL_CONVERSION = YES;
				CLANG_WARN_OBJC_ROOT_CLASS = YES_ERROR;
				CLANG_WARN_QUOTED_INCLUDE_IN_FRAMEWORK_HEADER = YES;
				CLANG_WARN_RANGE_LOOP_ANALYSIS = YES;
				CLANG_WARN_STRICT_PROTOTYPES = YES;
				CLANG_WARN_SUSPICIOUS_MOVE = YES;
				CLANG_WARN_UNGUARDED_AVAILABILITY = YES_AGGRESSIVE;
				CLANG_WARN_UNREACHABLE_CODE = YES;
				CLANG_WARN__DUPLICATE_METHOD_MATCH = YES;
				COPY_PHASE_STRIP = NO;
				DEBUG_INFORMATION_FORMAT = dwarf;
				ENABLE_STRICT_OBJC_MSGSEND = YES;
				ENABLE_TESTABILITY = YES;
				ENABLE_USER_SCRIPT_SANDBOXING = YES;
				GCC_C_LANGUAGE_STANDARD = gnu11;
				GCC_DYNAMIC_NO_PIC = NO;
				GCC_NO_COMMON_BLOCKS = YES;
				GCC_OPTIMIZATION_LEVEL = 0;
				GCC_PREPROCESSOR_DEFINITIONS = (
					"DEBUG=1",
					"$(inherited)",
				);
				GCC_WARN_64_TO_32_BIT_CONVERSION = YES;
				GCC_WARN_ABOUT_RETURN_TYPE = YES_ERROR;
				GCC_WARN_UNDECLARED_SELECTOR = YES;
				GCC_WARN_UNINITIALIZED_AUTOS = YES_AGGRESSIVE;
				GCC_WARN_UNUSED_FUNCTION = YES;
				GCC_WARN_UNUSED_VARIABLE = YES;
				IPHONEOS_DEPLOYMENT_TARGET = 16.2;
				MTL_ENABLE_DEBUG_INFO = INCLUDE_SOURCE;
				MTL_FAST_MATH = YES;
				ONLY_ACTIVE_ARCH = YES;
				SDKROOT = iphoneos;
				SWIFT_ACTIVE_COMPILATION_CONDITIONS = DEBUG;
				SWIFT_OPTIMIZATION_LEVEL = "-Onone";
			};
			name = Debug;
		};
		BFC079E32ABC2B9D009F2379 /* Release */ = {
			isa = XCBuildConfiguration;
			buildSettings = {
				ALWAYS_SEARCH_USER_PATHS = NO;
				ARCHS = "$(ARCHS_STANDARD)";
				CLANG_ANALYZER_NONNULL = YES;
				CLANG_ANALYZER_NUMBER_OBJECT_CONVERSION = YES_AGGRESSIVE;
				CLANG_CXX_LANGUAGE_STANDARD = "gnu++20";
				CLANG_ENABLE_MODULES = YES;
				CLANG_ENABLE_OBJC_ARC = YES;
				CLANG_ENABLE_OBJC_WEAK = YES;
				CLANG_WARN_BLOCK_CAPTURE_AUTORELEASING = YES;
				CLANG_WARN_BOOL_CONVERSION = YES;
				CLANG_WARN_COMMA = YES;
				CLANG_WARN_CONSTANT_CONVERSION = YES;
				CLANG_WARN_DEPRECATED_OBJC_IMPLEMENTATIONS = YES;
				CLANG_WARN_DIRECT_OBJC_ISA_USAGE = YES_ERROR;
				CLANG_WARN_DOCUMENTATION_COMMENTS = YES;
				CLANG_WARN_EMPTY_BODY = YES;
				CLANG_WARN_ENUM_CONVERSION = YES;
				CLANG_WARN_INFINITE_RECURSION = YES;
				CLANG_WARN_INT_CONVERSION = YES;
				CLANG_WARN_NON_LITERAL_NULL_CONVERSION = YES;
				CLANG_WARN_OBJC_IMPLICIT_RETAIN_SELF = YES;
				CLANG_WARN_OBJC_LITERAL_CONVERSION = YES;
				CLANG_WARN_OBJC_ROOT_CLASS = YES_ERROR;
				CLANG_WARN_QUOTED_INCLUDE_IN_FRAMEWORK_HEADER = YES;
				CLANG_WARN_RANGE_LOOP_ANALYSIS = YES;
				CLANG_WARN_STRICT_PROTOTYPES = YES;
				CLANG_WARN_SUSPICIOUS_MOVE = YES;
				CLANG_WARN_UNGUARDED_AVAILABILITY = YES_AGGRESSIVE;
				CLANG_WARN_UNREACHABLE_CODE = YES;
				CLANG_WARN__DUPLICATE_METHOD_MATCH = YES;
				COPY_PHASE_STRIP = NO;
				DEBUG_INFORMATION_FORMAT = "dwarf-with-dsym";
				ENABLE_NS_ASSERTIONS = NO;
				ENABLE_STRICT_OBJC_MSGSEND = YES;
				ENABLE_USER_SCRIPT_SANDBOXING = YES;
				GCC_C_LANGUAGE_STANDARD = gnu11;
				GCC_NO_COMMON_BLOCKS = YES;
				GCC_WARN_64_TO_32_BIT_CONVERSION = YES;
				GCC_WARN_ABOUT_RETURN_TYPE = YES_ERROR;
				GCC_WARN_UNDECLARED_SELECTOR = YES;
				GCC_WARN_UNINITIALIZED_AUTOS = YES_AGGRESSIVE;
				GCC_WARN_UNUSED_FUNCTION = YES;
				GCC_WARN_UNUSED_VARIABLE = YES;
				IPHONEOS_DEPLOYMENT_TARGET = 16.2;
				MTL_ENABLE_DEBUG_INFO = NO;
				MTL_FAST_MATH = YES;
				SDKROOT = iphoneos;
				SWIFT_COMPILATION_MODE = wholemodule;
				SWIFT_OPTIMIZATION_LEVEL = "-O";
				VALIDATE_PRODUCT = YES;
			};
			name = Release;
		};
		BFC079E52ABC2B9D009F2379 /* Debug */ = {
			isa = XCBuildConfiguration;
			buildSettings = {
				ASSETCATALOG_COMPILER_APPICON_NAME = AppIcon;
				ASSETCATALOG_COMPILER_GLOBAL_ACCENT_COLOR_NAME = AccentColor;
				CODE_SIGN_STYLE = Automatic;
				CURRENT_PROJECT_VERSION = 1;
				DEVELOPMENT_ASSET_PATHS = "\"Household Organizer/Preview Content\"";
				DEVELOPMENT_TEAM = NJ3Y4LJ7H6;
				ENABLE_PREVIEWS = YES;
				GENERATE_INFOPLIST_FILE = YES;
				INFOPLIST_FILE = "Household-Organizer-Info.plist";
				INFOPLIST_KEY_UIApplicationSceneManifest_Generation = YES;
				INFOPLIST_KEY_UIApplicationSupportsIndirectInputEvents = YES;
				INFOPLIST_KEY_UISupportedInterfaceOrientations = UIInterfaceOrientationPortrait;
				INFOPLIST_KEY_UISupportedInterfaceOrientations_iPad = "UIInterfaceOrientationPortrait UIInterfaceOrientationPortraitUpsideDown";
				IPHONEOS_DEPLOYMENT_TARGET = 17.0;
				LD_RUNPATH_SEARCH_PATHS = (
					"$(inherited)",
					"@executable_path/Frameworks",
				);
				MARKETING_VERSION = 1.0;
				PRODUCT_BUNDLE_IDENTIFIER = "com.Andrew.Household-Organizer";
				PRODUCT_NAME = "$(TARGET_NAME)";
				SUPPORTED_PLATFORMS = "iphoneos iphonesimulator";
				SUPPORTS_MACCATALYST = NO;
				SUPPORTS_MAC_DESIGNED_FOR_IPHONE_IPAD = NO;
				SWIFT_EMIT_LOC_STRINGS = YES;
				SWIFT_VERSION = 5.0;
				TARGETED_DEVICE_FAMILY = "1,2";
			};
			name = Debug;
		};
		BFC079E62ABC2B9D009F2379 /* Release */ = {
			isa = XCBuildConfiguration;
			buildSettings = {
				ASSETCATALOG_COMPILER_APPICON_NAME = AppIcon;
				ASSETCATALOG_COMPILER_GLOBAL_ACCENT_COLOR_NAME = AccentColor;
				CODE_SIGN_STYLE = Automatic;
				CURRENT_PROJECT_VERSION = 1;
				DEVELOPMENT_ASSET_PATHS = "\"Household Organizer/Preview Content\"";
				DEVELOPMENT_TEAM = NJ3Y4LJ7H6;
				ENABLE_PREVIEWS = YES;
				GENERATE_INFOPLIST_FILE = YES;
				INFOPLIST_FILE = "Household-Organizer-Info.plist";
				INFOPLIST_KEY_UIApplicationSceneManifest_Generation = YES;
				INFOPLIST_KEY_UIApplicationSupportsIndirectInputEvents = YES;
				INFOPLIST_KEY_UISupportedInterfaceOrientations = UIInterfaceOrientationPortrait;
				INFOPLIST_KEY_UISupportedInterfaceOrientations_iPad = "UIInterfaceOrientationPortrait UIInterfaceOrientationPortraitUpsideDown";
				IPHONEOS_DEPLOYMENT_TARGET = 17.0;
				LD_RUNPATH_SEARCH_PATHS = (
					"$(inherited)",
					"@executable_path/Frameworks",
				);
				MARKETING_VERSION = 1.0;
				PRODUCT_BUNDLE_IDENTIFIER = "com.Andrew.Household-Organizer";
				PRODUCT_NAME = "$(TARGET_NAME)";
				SUPPORTED_PLATFORMS = "iphoneos iphonesimulator";
				SUPPORTS_MACCATALYST = NO;
				SUPPORTS_MAC_DESIGNED_FOR_IPHONE_IPAD = NO;
				SWIFT_EMIT_LOC_STRINGS = YES;
				SWIFT_VERSION = 5.0;
				TARGETED_DEVICE_FAMILY = "1,2";
			};
			name = Release;
		};
/* End XCBuildConfiguration section */

/* Begin XCConfigurationList section */
		BFC079CC2ABC2B9B009F2379 /* Build configuration list for PBXProject "Household Organizer" */ = {
			isa = XCConfigurationList;
			buildConfigurations = (
				BFC079E22ABC2B9D009F2379 /* Debug */,
				BFC079E32ABC2B9D009F2379 /* Release */,
			);
			defaultConfigurationIsVisible = 0;
			defaultConfigurationName = Release;
		};
		BFC079E42ABC2B9D009F2379 /* Build configuration list for PBXNativeTarget "Household Organizer" */ = {
			isa = XCConfigurationList;
			buildConfigurations = (
				BFC079E52ABC2B9D009F2379 /* Debug */,
				BFC079E62ABC2B9D009F2379 /* Release */,
			);
			defaultConfigurationIsVisible = 0;
			defaultConfigurationName = Release;
		};
/* End XCConfigurationList section */

/* Begin XCRemoteSwiftPackageReference section */
		BFC079F92ABCF18F009F2379 /* XCRemoteSwiftPackageReference "firebase-ios-sdk" */ = {
			isa = XCRemoteSwiftPackageReference;
			repositoryURL = "https://github.com/firebase/firebase-ios-sdk";
			requirement = {
				branch = master;
				kind = branch;
			};
		};
/* End XCRemoteSwiftPackageReference section */

/* Begin XCSwiftPackageProductDependency section */
		BF4F25412B3535E8004501B2 /* FirebaseAnalytics */ = {
			isa = XCSwiftPackageProductDependency;
			package = BFC079F92ABCF18F009F2379 /* XCRemoteSwiftPackageReference "firebase-ios-sdk" */;
			productName = FirebaseAnalytics;
		};
		BF4F25432B3535E8004501B2 /* FirebaseAnalyticsOnDeviceConversion */ = {
			isa = XCSwiftPackageProductDependency;
			package = BFC079F92ABCF18F009F2379 /* XCRemoteSwiftPackageReference "firebase-ios-sdk" */;
			productName = FirebaseAnalyticsOnDeviceConversion;
		};
		BF4F25452B3535E8004501B2 /* FirebaseAnalyticsSwift */ = {
			isa = XCSwiftPackageProductDependency;
			package = BFC079F92ABCF18F009F2379 /* XCRemoteSwiftPackageReference "firebase-ios-sdk" */;
			productName = FirebaseAnalyticsSwift;
		};
		BF4F25472B3535E8004501B2 /* FirebaseAnalyticsWithoutAdIdSupport */ = {
			isa = XCSwiftPackageProductDependency;
			package = BFC079F92ABCF18F009F2379 /* XCRemoteSwiftPackageReference "firebase-ios-sdk" */;
			productName = FirebaseAnalyticsWithoutAdIdSupport;
		};
		BF4F25492B3535E8004501B2 /* FirebaseAppCheck */ = {
			isa = XCSwiftPackageProductDependency;
			package = BFC079F92ABCF18F009F2379 /* XCRemoteSwiftPackageReference "firebase-ios-sdk" */;
			productName = FirebaseAppCheck;
		};
		BF4F254B2B3535E8004501B2 /* FirebaseAppDistribution-Beta */ = {
			isa = XCSwiftPackageProductDependency;
			package = BFC079F92ABCF18F009F2379 /* XCRemoteSwiftPackageReference "firebase-ios-sdk" */;
			productName = "FirebaseAppDistribution-Beta";
		};
		BF4F254D2B3535E8004501B2 /* FirebaseAuth */ = {
			isa = XCSwiftPackageProductDependency;
			package = BFC079F92ABCF18F009F2379 /* XCRemoteSwiftPackageReference "firebase-ios-sdk" */;
			productName = FirebaseAuth;
		};
		BF4F254F2B3535E8004501B2 /* FirebaseAuthCombine-Community */ = {
			isa = XCSwiftPackageProductDependency;
			package = BFC079F92ABCF18F009F2379 /* XCRemoteSwiftPackageReference "firebase-ios-sdk" */;
			productName = "FirebaseAuthCombine-Community";
		};
		BF4F25512B3535E8004501B2 /* FirebaseCrashlytics */ = {
			isa = XCSwiftPackageProductDependency;
			package = BFC079F92ABCF18F009F2379 /* XCRemoteSwiftPackageReference "firebase-ios-sdk" */;
			productName = FirebaseCrashlytics;
		};
		BF4F25532B3535E8004501B2 /* FirebaseDatabase */ = {
			isa = XCSwiftPackageProductDependency;
			package = BFC079F92ABCF18F009F2379 /* XCRemoteSwiftPackageReference "firebase-ios-sdk" */;
			productName = FirebaseDatabase;
		};
		BF4F25552B3535E8004501B2 /* FirebaseDatabaseSwift */ = {
			isa = XCSwiftPackageProductDependency;
			package = BFC079F92ABCF18F009F2379 /* XCRemoteSwiftPackageReference "firebase-ios-sdk" */;
			productName = FirebaseDatabaseSwift;
		};
		BF4F25572B3535E8004501B2 /* FirebaseDynamicLinks */ = {
			isa = XCSwiftPackageProductDependency;
			package = BFC079F92ABCF18F009F2379 /* XCRemoteSwiftPackageReference "firebase-ios-sdk" */;
			productName = FirebaseDynamicLinks;
		};
		BF4F25592B3535E8004501B2 /* FirebaseFirestore */ = {
			isa = XCSwiftPackageProductDependency;
			package = BFC079F92ABCF18F009F2379 /* XCRemoteSwiftPackageReference "firebase-ios-sdk" */;
			productName = FirebaseFirestore;
		};
		BF4F255B2B3535E8004501B2 /* FirebaseFirestoreCombine-Community */ = {
			isa = XCSwiftPackageProductDependency;
			package = BFC079F92ABCF18F009F2379 /* XCRemoteSwiftPackageReference "firebase-ios-sdk" */;
			productName = "FirebaseFirestoreCombine-Community";
		};
		BF4F255D2B3535E8004501B2 /* FirebaseFirestoreSwift */ = {
			isa = XCSwiftPackageProductDependency;
			package = BFC079F92ABCF18F009F2379 /* XCRemoteSwiftPackageReference "firebase-ios-sdk" */;
			productName = FirebaseFirestoreSwift;
		};
		BF4F255F2B3535E8004501B2 /* FirebaseFunctions */ = {
			isa = XCSwiftPackageProductDependency;
			package = BFC079F92ABCF18F009F2379 /* XCRemoteSwiftPackageReference "firebase-ios-sdk" */;
			productName = FirebaseFunctions;
		};
		BF4F25612B353606004501B2 /* FirebaseAnalytics */ = {
			isa = XCSwiftPackageProductDependency;
			package = BFC079F92ABCF18F009F2379 /* XCRemoteSwiftPackageReference "firebase-ios-sdk" */;
			productName = FirebaseAnalytics;
		};
		BF4F25632B353606004501B2 /* FirebaseAnalyticsOnDeviceConversion */ = {
			isa = XCSwiftPackageProductDependency;
			package = BFC079F92ABCF18F009F2379 /* XCRemoteSwiftPackageReference "firebase-ios-sdk" */;
			productName = FirebaseAnalyticsOnDeviceConversion;
		};
		BF4F25652B353606004501B2 /* FirebaseAnalyticsSwift */ = {
			isa = XCSwiftPackageProductDependency;
			package = BFC079F92ABCF18F009F2379 /* XCRemoteSwiftPackageReference "firebase-ios-sdk" */;
			productName = FirebaseAnalyticsSwift;
		};
		BF4F25672B353606004501B2 /* FirebaseAnalyticsWithoutAdIdSupport */ = {
			isa = XCSwiftPackageProductDependency;
			package = BFC079F92ABCF18F009F2379 /* XCRemoteSwiftPackageReference "firebase-ios-sdk" */;
			productName = FirebaseAnalyticsWithoutAdIdSupport;
		};
		BF4F25692B353606004501B2 /* FirebaseAppCheck */ = {
			isa = XCSwiftPackageProductDependency;
			package = BFC079F92ABCF18F009F2379 /* XCRemoteSwiftPackageReference "firebase-ios-sdk" */;
			productName = FirebaseAppCheck;
		};
		BF4F256B2B353606004501B2 /* FirebaseAppDistribution-Beta */ = {
			isa = XCSwiftPackageProductDependency;
			package = BFC079F92ABCF18F009F2379 /* XCRemoteSwiftPackageReference "firebase-ios-sdk" */;
			productName = "FirebaseAppDistribution-Beta";
		};
		BF4F256D2B353606004501B2 /* FirebaseAuth */ = {
			isa = XCSwiftPackageProductDependency;
			package = BFC079F92ABCF18F009F2379 /* XCRemoteSwiftPackageReference "firebase-ios-sdk" */;
			productName = FirebaseAuth;
		};
		BF4F256F2B353606004501B2 /* FirebaseAuthCombine-Community */ = {
			isa = XCSwiftPackageProductDependency;
			package = BFC079F92ABCF18F009F2379 /* XCRemoteSwiftPackageReference "firebase-ios-sdk" */;
			productName = "FirebaseAuthCombine-Community";
		};
		BF4F25712B353606004501B2 /* FirebaseCrashlytics */ = {
			isa = XCSwiftPackageProductDependency;
			package = BFC079F92ABCF18F009F2379 /* XCRemoteSwiftPackageReference "firebase-ios-sdk" */;
			productName = FirebaseCrashlytics;
		};
		BF4F25732B353606004501B2 /* FirebaseDatabase */ = {
			isa = XCSwiftPackageProductDependency;
			package = BFC079F92ABCF18F009F2379 /* XCRemoteSwiftPackageReference "firebase-ios-sdk" */;
			productName = FirebaseDatabase;
		};
		BF4F25752B353606004501B2 /* FirebaseDatabaseSwift */ = {
			isa = XCSwiftPackageProductDependency;
			package = BFC079F92ABCF18F009F2379 /* XCRemoteSwiftPackageReference "firebase-ios-sdk" */;
			productName = FirebaseDatabaseSwift;
		};
		BF4F25772B353606004501B2 /* FirebaseDynamicLinks */ = {
			isa = XCSwiftPackageProductDependency;
			package = BFC079F92ABCF18F009F2379 /* XCRemoteSwiftPackageReference "firebase-ios-sdk" */;
			productName = FirebaseDynamicLinks;
		};
		BF4F25792B353606004501B2 /* FirebaseFirestore */ = {
			isa = XCSwiftPackageProductDependency;
			package = BFC079F92ABCF18F009F2379 /* XCRemoteSwiftPackageReference "firebase-ios-sdk" */;
			productName = FirebaseFirestore;
		};
		BF4F257B2B353606004501B2 /* FirebaseFirestoreCombine-Community */ = {
			isa = XCSwiftPackageProductDependency;
			package = BFC079F92ABCF18F009F2379 /* XCRemoteSwiftPackageReference "firebase-ios-sdk" */;
			productName = "FirebaseFirestoreCombine-Community";
		};
		BF4F257D2B353606004501B2 /* FirebaseFirestoreSwift */ = {
			isa = XCSwiftPackageProductDependency;
			package = BFC079F92ABCF18F009F2379 /* XCRemoteSwiftPackageReference "firebase-ios-sdk" */;
			productName = FirebaseFirestoreSwift;
		};
		BF4F257F2B353606004501B2 /* FirebaseFunctions */ = {
			isa = XCSwiftPackageProductDependency;
			package = BFC079F92ABCF18F009F2379 /* XCRemoteSwiftPackageReference "firebase-ios-sdk" */;
			productName = FirebaseFunctions;
		};
		BFC079FA2ABCF18F009F2379 /* FirebaseAnalytics */ = {
			isa = XCSwiftPackageProductDependency;
			package = BFC079F92ABCF18F009F2379 /* XCRemoteSwiftPackageReference "firebase-ios-sdk" */;
			productName = FirebaseAnalytics;
		};
		BFC079FC2ABCF18F009F2379 /* FirebaseAuth */ = {
			isa = XCSwiftPackageProductDependency;
			package = BFC079F92ABCF18F009F2379 /* XCRemoteSwiftPackageReference "firebase-ios-sdk" */;
			productName = FirebaseAuth;
		};
		BFC079FE2ABCF18F009F2379 /* FirebaseFirestore */ = {
			isa = XCSwiftPackageProductDependency;
			package = BFC079F92ABCF18F009F2379 /* XCRemoteSwiftPackageReference "firebase-ios-sdk" */;
			productName = FirebaseFirestore;
		};
/* End XCSwiftPackageProductDependency section */
	};
	rootObject = BFC079C92ABC2B9B009F2379 /* Project object */;
}
